<?xml version="1.0" encoding="utf-8"?>
<Project ToolsVersion="4.0" xmlns="http://schemas.microsoft.com/developer/msbuild/2003">
  <ItemGroup>
    <Filter Include="源文件">
      <UniqueIdentifier>{4FC737F1-C7A5-4376-A066-2A32D752A2FF}</UniqueIdentifier>
      <Extensions>cpp;c;cc;cxx;def;odl;idl;hpj;bat;asm;asmx</Extensions>
    </Filter>
    <Filter Include="头文件">
      <UniqueIdentifier>{93995380-89BD-4b04-88EB-625FBE52EBFB}</UniqueIdentifier>
      <Extensions>h;hh;hpp;hxx;hm;inl;inc;ipp;xsd</Extensions>
    </Filter>
    <Filter Include="资源文件">
      <UniqueIdentifier>{67DA6AB6-F800-4c08-8B7A-83BB121AAD01}</UniqueIdentifier>
      <Extensions>rc;ico;cur;bmp;dlg;rc2;rct;bin;rgs;gif;jpg;jpeg;jpe;resx;tiff;tif;png;wav;mfcribbon-ms</Extensions>
    </Filter>
    <Filter Include="server">
      <UniqueIdentifier>{f89a760f-adbc-4f2f-bf73-ddc6388966f2}</UniqueIdentifier>
    </Filter>
    <Filter Include="util">
      <UniqueIdentifier>{72be228e-f7b1-4a28-81d0-4f5bd7ec9f72}</UniqueIdentifier>
    </Filter>
    <Filter Include="websocket">
      <UniqueIdentifier>{720dbde5-ef3c-40d1-9c23-34af6670d3a1}</UniqueIdentifier>
    </Filter>
    <Filter Include="time">
      <UniqueIdentifier>{d6d29f20-ac45-47f5-9f2a-884ede23774f}</UniqueIdentifier>
    </Filter>
    <Filter Include="room">
      <UniqueIdentifier>{30847938-820a-4c93-a1e2-93c06723431f}</UniqueIdentifier>
    </Filter>
    <Filter Include="log">
      <UniqueIdentifier>{c3cbb629-ff4b-40ed-91fa-b2ab410621ee}</UniqueIdentifier>
    </Filter>
    <Filter Include="config">
      <UniqueIdentifier>{5336c143-79d9-427d-8da2-675e266b3f7b}</UniqueIdentifier>
    </Filter>
    <Filter Include="rtc">
      <UniqueIdentifier>{cb2ccf9d-6215-4b4e-b0c9-b494a70b4801}</UniqueIdentifier>
    </Filter>
    <Filter Include="sctp">
      <UniqueIdentifier>{3f2a69c3-bd55-4c79-8dd6-afe1c053b7fc}</UniqueIdentifier>
    </Filter>
  </ItemGroup>
  <ItemGroup>
    <ClCompile Include="main.cpp">
      <Filter>源文件</Filter>
    </ClCompile>
    <ClCompile Include="dtlsv1.x.cpp">
      <Filter>源文件</Filter>
    </ClCompile>
    <ClCompile Include="cnet_type.cpp">
      <Filter>util</Filter>
    </ClCompile>
    <ClCompile Include="cwebsocket_session.cpp">
      <Filter>websocket</Filter>
    </ClCompile>
    <ClCompile Include="cmedia_server.cpp">
      <Filter>server</Filter>
    </ClCompile>
    <ClCompile Include="cwebsocket_msg_queue.cpp">
      <Filter>websocket</Filter>
    </ClCompile>
    <ClCompile Include="cwebsocket_server_mgr.cpp">
      <Filter>websocket</Filter>
    </ClCompile>
    <ClCompile Include="cwebsocket_msg_reserve.cpp">
      <Filter>websocket</Filter>
    </ClCompile>
    <ClCompile Include="cwan_server.cpp">
      <Filter>server</Filter>
    </ClCompile>
    <ClCompile Include="cwan_session.cpp">
      <Filter>server</Filter>
    </ClCompile>
    <ClCompile Include="ctime_api.cpp">
      <Filter>time</Filter>
    </ClCompile>
    <ClCompile Include="croom.cpp">
      <Filter>room</Filter>
    </ClCompile>
    <ClCompile Include="casync_log.cpp">
      <Filter>log</Filter>
    </ClCompile>
    <ClCompile Include="clog.cpp">
      <Filter>log</Filter>
    </ClCompile>
    <ClCompile Include="clog_color.cpp">
      <Filter>log</Filter>
    </ClCompile>
    <ClCompile Include="cconfig.cpp">
      <Filter>config</Filter>
    </ClCompile>
    <ClCompile Include="cdigit2str.cpp">
      <Filter>util</Filter>
    </ClCompile>
    <ClCompile Include="croom_mgr.cpp">
      <Filter>room</Filter>
    </ClCompile>
    <ClCompile Include="cwebrtc_mgr.cpp">
      <Filter>rtc</Filter>
    </ClCompile>
    <ClCompile Include="cwebrtc_transport.cpp">
      <Filter>rtc</Filter>
    </ClCompile>
    <ClCompile Include="crtc_util.cpp">
      <Filter>rtc</Filter>
    </ClCompile>
    <ClCompile Include="csctp_association.cpp">
      <Filter>sctp</Filter>
    </ClCompile>
    <ClCompile Include="csctp_association_mgr.cpp">
      <Filter>sctp</Filter>
    </ClCompile>
  </ItemGroup>
  <ItemGroup>
    <ClInclude Include="dtlsv1.x.h">
      <Filter>头文件</Filter>
    </ClInclude>
    <ClInclude Include="cnet_type.h">
      <Filter>util</Filter>
    </ClInclude>
    <ClInclude Include="cnoncopyable.h">
      <Filter>util</Filter>
    </ClInclude>
    <ClInclude Include="csingleton.h">
      <Filter>util</Filter>
    </ClInclude>
    <ClInclude Include="cnet_define.h">
      <Filter>util</Filter>
    </ClInclude>
    <ClInclude Include="cwebsocket_session.h">
      <Filter>websocket</Filter>
    </ClInclude>
    <ClInclude Include="cmedia_server.h">
      <Filter>server</Filter>
    </ClInclude>
    <ClInclude Include="cwebsocket_msg_queue.h">
      <Filter>websocket</Filter>
    </ClInclude>
    <ClInclude Include="cwebsocket_server_mgr.h">
      <Filter>websocket</Filter>
    </ClInclude>
    <ClInclude Include="cwebsocket_msg_reserve.h">
      <Filter>websocket</Filter>
    </ClInclude>
    <ClInclude Include="cwan_server.h">
      <Filter>server</Filter>
    </ClInclude>
    <ClInclude Include="cwan_session.h">
      <Filter>server</Filter>
    </ClInclude>
    <ClInclude Include="ctime_api.h">
      <Filter>time</Filter>
    </ClInclude>
    <ClInclude Include="ctime_const.h">
      <Filter>time</Filter>
    </ClInclude>
    <ClInclude Include="ctime_elapse.h">
      <Filter>time</Filter>
    </ClInclude>
    <ClInclude Include="croom.h">
      <Filter>room</Filter>
    </ClInclude>
    <ClInclude Include="casync_log.h">
      <Filter>log</Filter>
    </ClInclude>
    <ClInclude Include="clog_color.h">
      <Filter>log</Filter>
    </ClInclude>
    <ClInclude Include="cconfig.h">
      <Filter>config</Filter>
    </ClInclude>
    <ClInclude Include="cdigit2str.h">
      <Filter>util</Filter>
    </ClInclude>
    <ClInclude Include="clog.h">
      <Filter>log</Filter>
    </ClInclude>
    <ClInclude Include="clog_define.h">
      <Filter>log</Filter>
    </ClInclude>
    <ClInclude Include="croom_mgr.h">
      <Filter>room</Filter>
    </ClInclude>
    <ClInclude Include="cwebrtc_mgr.h">
      <Filter>rtc</Filter>
    </ClInclude>
    <ClInclude Include="cwebrtc_transport.h">
      <Filter>rtc</Filter>
    </ClInclude>
    <ClInclude Include="crtc_util.h">
      <Filter>rtc</Filter>
    </ClInclude>
    <ClInclude Include="csctp_association.h">
      <Filter>sctp</Filter>
    </ClInclude>
    <ClInclude Include="csctp_association_mgr.h">
      <Filter>sctp</Filter>
    </ClInclude>
  </ItemGroup>
</Project>