<?xml version="1.0" encoding="utf-8"?>
<Project ToolsVersion="4.0" xmlns="http://schemas.microsoft.com/developer/msbuild/2003">
  <ItemGroup>
    <Filter Include="server">
      <UniqueIdentifier>{f89a760f-adbc-4f2f-bf73-ddc6388966f2}</UniqueIdentifier>
    </Filter>
    <Filter Include="util">
      <UniqueIdentifier>{72be228e-f7b1-4a28-81d0-4f5bd7ec9f72}</UniqueIdentifier>
    </Filter>
    <Filter Include="websocket">
      <UniqueIdentifier>{720dbde5-ef3c-40d1-9c23-34af6670d3a1}</UniqueIdentifier>
    </Filter>
    <Filter Include="time">
      <UniqueIdentifier>{d6d29f20-ac45-47f5-9f2a-884ede23774f}</UniqueIdentifier>
    </Filter>
    <Filter Include="room">
      <UniqueIdentifier>{30847938-820a-4c93-a1e2-93c06723431f}</UniqueIdentifier>
    </Filter>
    <Filter Include="log">
      <UniqueIdentifier>{c3cbb629-ff4b-40ed-91fa-b2ab410621ee}</UniqueIdentifier>
    </Filter>
    <Filter Include="config">
      <UniqueIdentifier>{5336c143-79d9-427d-8da2-675e266b3f7b}</UniqueIdentifier>
    </Filter>
    <Filter Include="rtc">
      <UniqueIdentifier>{cb2ccf9d-6215-4b4e-b0c9-b494a70b4801}</UniqueIdentifier>
    </Filter>
    <Filter Include="sctp">
      <UniqueIdentifier>{3f2a69c3-bd55-4c79-8dd6-afe1c053b7fc}</UniqueIdentifier>
    </Filter>
    <Filter Include="rtcp">
      <UniqueIdentifier>{a5b88174-8c4b-4f56-9981-2511f2dcafa4}</UniqueIdentifier>
    </Filter>
    <Filter Include="codec">
      <UniqueIdentifier>{f97dffcd-ea96-4658-a0f9-ed372197718d}</UniqueIdentifier>
    </Filter>
    <Filter Include="rtp">
      <UniqueIdentifier>{d122d46a-1df8-41af-82c0-6471bc099e0d}</UniqueIdentifier>
    </Filter>
    <Filter Include="webrtc">
      <UniqueIdentifier>{a0224bec-dd2d-4b2d-958f-fe2afcb39bb2}</UniqueIdentifier>
    </Filter>
    <Filter Include="webrtc\api">
      <UniqueIdentifier>{161ddd9b-defc-4ed4-9db7-44bd34ce67d8}</UniqueIdentifier>
    </Filter>
    <Filter Include="webrtc\api\transport">
      <UniqueIdentifier>{2ec67219-30ee-45c3-8be7-d92890c54b69}</UniqueIdentifier>
    </Filter>
    <Filter Include="webrtc\api\units">
      <UniqueIdentifier>{a01569d7-7008-443b-a247-90ba08adb7f3}</UniqueIdentifier>
    </Filter>
    <Filter Include="webrtc\call">
      <UniqueIdentifier>{cb5c0420-fc40-4e64-98c7-8ad8fe5686d2}</UniqueIdentifier>
    </Filter>
    <Filter Include="webrtc\modules">
      <UniqueIdentifier>{43bfa9f7-22e9-4493-839f-5a6d5e00b6ac}</UniqueIdentifier>
    </Filter>
    <Filter Include="webrtc\modules\bitrate_controller">
      <UniqueIdentifier>{069ba47b-6810-45e2-95f0-21171413038e}</UniqueIdentifier>
    </Filter>
    <Filter Include="webrtc\modules\congestion_controller">
      <UniqueIdentifier>{6063955d-618e-4d65-b73b-c3ab89805ae9}</UniqueIdentifier>
    </Filter>
    <Filter Include="webrtc\modules\congestion_controller\goog_cc">
      <UniqueIdentifier>{8a4d697a-f9a6-4eab-b2c6-387e3ac59d71}</UniqueIdentifier>
    </Filter>
    <Filter Include="webrtc\modules\congestion_controller\rtp">
      <UniqueIdentifier>{9af1b45f-36cb-4ba1-825d-a0cb818b6a9b}</UniqueIdentifier>
    </Filter>
    <Filter Include="webrtc\modules\include">
      <UniqueIdentifier>{eaa86ccd-8f9d-4408-abd3-0bb59be8bd3c}</UniqueIdentifier>
    </Filter>
    <Filter Include="webrtc\modules\pacing">
      <UniqueIdentifier>{5d4b6989-a9e6-4fda-a0d1-48c31a55bc87}</UniqueIdentifier>
    </Filter>
    <Filter Include="webrtc\modules\remote_bitrate_estimator">
      <UniqueIdentifier>{f9354750-8d24-44e0-b04b-eaf8e05c56b3}</UniqueIdentifier>
    </Filter>
    <Filter Include="webrtc\modules\remote_bitrate_estimator\include">
      <UniqueIdentifier>{cbdadddb-69be-42f1-a88c-5c5f4e4518d2}</UniqueIdentifier>
    </Filter>
    <Filter Include="webrtc\modules\rtp_rtcp">
      <UniqueIdentifier>{c8fecb25-91e2-467d-9d73-8fb25c74a8f6}</UniqueIdentifier>
    </Filter>
    <Filter Include="webrtc\modules\rtp_rtcp\include">
      <UniqueIdentifier>{189e6c24-664b-4426-9353-64656fe40d12}</UniqueIdentifier>
    </Filter>
    <Filter Include="webrtc\modules\rtp_rtcp\source">
      <UniqueIdentifier>{1247614d-063f-4450-96cb-9f04f912cd8b}</UniqueIdentifier>
    </Filter>
    <Filter Include="webrtc\modules\rtp_rtcp\source\rtp_packet">
      <UniqueIdentifier>{4e572b47-d774-42fb-b796-f974ff2c31a0}</UniqueIdentifier>
    </Filter>
    <Filter Include="webrtc\rtc_base">
      <UniqueIdentifier>{44fc9369-06b8-4a46-b13b-806055b0e0e6}</UniqueIdentifier>
    </Filter>
    <Filter Include="webrtc\rtc_base\experiments">
      <UniqueIdentifier>{dd6dd8a9-f236-43eb-886f-db75b59a3d6c}</UniqueIdentifier>
    </Filter>
    <Filter Include="webrtc\rtc_base\network">
      <UniqueIdentifier>{fa851e9d-b35c-4f0f-82d6-7708b273e053}</UniqueIdentifier>
    </Filter>
    <Filter Include="webrtc\rtc_base\numerics">
      <UniqueIdentifier>{2c38986e-f2c4-4c11-8e8e-924bea775e07}</UniqueIdentifier>
    </Filter>
    <Filter Include="webrtc\rtc_base\system">
      <UniqueIdentifier>{551c7490-94f7-4f3c-b4eb-68567285ba58}</UniqueIdentifier>
    </Filter>
    <Filter Include="webrtc\rtc_base\units">
      <UniqueIdentifier>{c0515b33-e24e-4567-8278-d4431d15fe92}</UniqueIdentifier>
    </Filter>
    <Filter Include="webrtc\system_wrappers">
      <UniqueIdentifier>{2136c2db-32b7-40ff-846c-c606234c72f9}</UniqueIdentifier>
    </Filter>
    <Filter Include="webrtc\system_wrappers\source">
      <UniqueIdentifier>{05a7f283-f5bb-4af9-97c0-8a7a8e683bb5}</UniqueIdentifier>
    </Filter>
    <Filter Include="timer">
      <UniqueIdentifier>{a7829fe6-b6a8-4447-afda-80931e4ca9d1}</UniqueIdentifier>
    </Filter>
    <Filter Include="uv_util">
      <UniqueIdentifier>{f290d998-3745-4b92-8f65-bfdbb4954baa}</UniqueIdentifier>
    </Filter>
    <Filter Include="srtp">
      <UniqueIdentifier>{d4d8a06c-72d9-433e-99c8-557cea608a58}</UniqueIdentifier>
    </Filter>
    <Filter Include="dispatch">
      <UniqueIdentifier>{b6f186fc-a22c-4529-af01-6b6562f70d3b}</UniqueIdentifier>
    </Filter>
    <Filter Include="msg">
      <UniqueIdentifier>{e3178b1b-a53f-4582-8522-47d04eb058d0}</UniqueIdentifier>
    </Filter>
    <Filter Include="rtc_sdp">
      <UniqueIdentifier>{801b5d36-9592-4ef0-8d27-d56911db4136}</UniqueIdentifier>
    </Filter>
    <Filter Include="handler">
      <UniqueIdentifier>{7a5ee41c-66a1-4c09-9cfa-8250595cbe9d}</UniqueIdentifier>
    </Filter>
    <Filter Include="reply">
      <UniqueIdentifier>{e2db577d-a684-42e1-9a5f-7dd9cf7179a3}</UniqueIdentifier>
    </Filter>
    <Filter Include="ortc">
      <UniqueIdentifier>{e7b62da2-6b54-4dfa-bdda-cb5c87b951a4}</UniqueIdentifier>
    </Filter>
    <Filter Include="rtc_util">
      <UniqueIdentifier>{62a0fabd-1d61-452e-9530-566c52228673}</UniqueIdentifier>
    </Filter>
    <Filter Include="stun">
      <UniqueIdentifier>{17b00e60-1e27-4cb4-8f19-dc9bfcdd9de6}</UniqueIdentifier>
    </Filter>
    <Filter Include="feedback">
      <UniqueIdentifier>{7a7258e5-6eaf-47a2-aa7a-528c60028cab}</UniqueIdentifier>
    </Filter>
    <Filter Include="congestion_controller">
      <UniqueIdentifier>{32d5fee3-16e1-48f1-b0c4-486997aa85d5}</UniqueIdentifier>
    </Filter>
    <Filter Include="rtc_net">
      <UniqueIdentifier>{3873831c-7ff7-4f2b-b4a3-d67077519f95}</UniqueIdentifier>
    </Filter>
    <Filter Include="net">
      <UniqueIdentifier>{af7692e2-78a3-43ca-b184-1b6aa1d0a101}</UniqueIdentifier>
    </Filter>
    <Filter Include="media_source">
      <UniqueIdentifier>{6a43ae28-1e60-4e32-acbd-d3dd5d2c8e2e}</UniqueIdentifier>
    </Filter>
    <Filter Include="api_rtc">
      <UniqueIdentifier>{c005d72d-ddc2-41ba-b36b-21907191c840}</UniqueIdentifier>
    </Filter>
    <Filter Include="rtc_config">
      <UniqueIdentifier>{55bcd94b-04f6-4591-b574-218acf5fd343}</UniqueIdentifier>
    </Filter>
    <Filter Include="rtc_constants">
      <UniqueIdentifier>{290348eb-8d88-44fa-a2ff-dfb233b1acff}</UniqueIdentifier>
    </Filter>
    <Filter Include="dtls">
      <UniqueIdentifier>{8fc8ed65-1da2-44db-bba2-a7e11f973a2c}</UniqueIdentifier>
    </Filter>
  </ItemGroup>
  <ItemGroup>
    <ClCompile Include="cnet_type.cpp">
      <Filter>util</Filter>
    </ClCompile>
    <ClCompile Include="cwebsocket_session.cpp">
      <Filter>websocket</Filter>
    </ClCompile>
    <ClCompile Include="cmedia_server.cpp">
      <Filter>server</Filter>
    </ClCompile>
    <ClCompile Include="cwebsocket_msg_queue.cpp">
      <Filter>websocket</Filter>
    </ClCompile>
    <ClCompile Include="cwebsocket_server_mgr.cpp">
      <Filter>websocket</Filter>
    </ClCompile>
    <ClCompile Include="cwebsocket_msg_reserve.cpp">
      <Filter>websocket</Filter>
    </ClCompile>
    <ClCompile Include="cwan_server.cpp">
      <Filter>server</Filter>
    </ClCompile>
    <ClCompile Include="cwan_session.cpp">
      <Filter>server</Filter>
    </ClCompile>
    <ClCompile Include="ctime_api.cpp">
      <Filter>time</Filter>
    </ClCompile>
    <ClCompile Include="croom.cpp">
      <Filter>room</Filter>
    </ClCompile>
    <ClCompile Include="casync_log.cpp">
      <Filter>log</Filter>
    </ClCompile>
    <ClCompile Include="clog.cpp">
      <Filter>log</Filter>
    </ClCompile>
    <ClCompile Include="clog_color.cpp">
      <Filter>log</Filter>
    </ClCompile>
    <ClCompile Include="cconfig.cpp">
      <Filter>config</Filter>
    </ClCompile>
    <ClCompile Include="cdigit2str.cpp">
      <Filter>util</Filter>
    </ClCompile>
    <ClCompile Include="croom_mgr.cpp">
      <Filter>room</Filter>
    </ClCompile>
    <ClCompile Include="libwebrtc\api\network_state_predictor.cc">
      <Filter>webrtc\api</Filter>
    </ClCompile>
    <ClCompile Include="libwebrtc\api\units\data_rate.cc">
      <Filter>webrtc\api\units</Filter>
    </ClCompile>
    <ClCompile Include="libwebrtc\api\units\data_size.cc">
      <Filter>webrtc\api\units</Filter>
    </ClCompile>
    <ClCompile Include="libwebrtc\api\units\frequency.cc">
      <Filter>webrtc\api\units</Filter>
    </ClCompile>
    <ClCompile Include="libwebrtc\api\units\time_delta.cc">
      <Filter>webrtc\api\units</Filter>
    </ClCompile>
    <ClCompile Include="libwebrtc\api\units\timestamp.cc">
      <Filter>webrtc\api\units</Filter>
    </ClCompile>
    <ClCompile Include="libwebrtc\api\transport\bitrate_settings.cc">
      <Filter>webrtc\api\transport</Filter>
    </ClCompile>
    <ClCompile Include="libwebrtc\api\transport\field_trial_based_config.cc">
      <Filter>webrtc\api\transport</Filter>
    </ClCompile>
    <ClCompile Include="libwebrtc\api\transport\goog_cc_factory.cc">
      <Filter>webrtc\api\transport</Filter>
    </ClCompile>
    <ClCompile Include="libwebrtc\api\transport\network_types.cc">
      <Filter>webrtc\api\transport</Filter>
    </ClCompile>
    <ClCompile Include="libwebrtc\call\rtp_transport_controller_send.cc">
      <Filter>webrtc\call</Filter>
    </ClCompile>
    <ClCompile Include="libwebrtc\modules\bitrate_controller\loss_based_bandwidth_estimation.cc">
      <Filter>webrtc\modules\bitrate_controller</Filter>
    </ClCompile>
    <ClCompile Include="libwebrtc\modules\bitrate_controller\send_side_bandwidth_estimation.cc">
      <Filter>webrtc\modules\bitrate_controller</Filter>
    </ClCompile>
    <ClCompile Include="libwebrtc\modules\congestion_controller\goog_cc\acknowledged_bitrate_estimator.cc">
      <Filter>webrtc\modules\congestion_controller\goog_cc</Filter>
    </ClCompile>
    <ClCompile Include="libwebrtc\modules\congestion_controller\goog_cc\alr_detector.cc">
      <Filter>webrtc\modules\congestion_controller\goog_cc</Filter>
    </ClCompile>
    <ClCompile Include="libwebrtc\modules\congestion_controller\goog_cc\bitrate_estimator.cc">
      <Filter>webrtc\modules\congestion_controller\goog_cc</Filter>
    </ClCompile>
    <ClCompile Include="libwebrtc\modules\congestion_controller\goog_cc\congestion_window_pushback_controller.cc">
      <Filter>webrtc\modules\congestion_controller\goog_cc</Filter>
    </ClCompile>
    <ClCompile Include="libwebrtc\modules\congestion_controller\goog_cc\delay_based_bwe.cc">
      <Filter>webrtc\modules\congestion_controller\goog_cc</Filter>
    </ClCompile>
    <ClCompile Include="libwebrtc\modules\congestion_controller\goog_cc\goog_cc_network_control.cc">
      <Filter>webrtc\modules\congestion_controller\goog_cc</Filter>
    </ClCompile>
    <ClCompile Include="libwebrtc\modules\congestion_controller\goog_cc\link_capacity_estimator.cc">
      <Filter>webrtc\modules\congestion_controller\goog_cc</Filter>
    </ClCompile>
    <ClCompile Include="libwebrtc\modules\congestion_controller\goog_cc\median_slope_estimator.cc">
      <Filter>webrtc\modules\congestion_controller\goog_cc</Filter>
    </ClCompile>
    <ClCompile Include="libwebrtc\modules\congestion_controller\goog_cc\probe_bitrate_estimator.cc">
      <Filter>webrtc\modules\congestion_controller\goog_cc</Filter>
    </ClCompile>
    <ClCompile Include="libwebrtc\modules\congestion_controller\goog_cc\probe_controller.cc">
      <Filter>webrtc\modules\congestion_controller\goog_cc</Filter>
    </ClCompile>
    <ClCompile Include="libwebrtc\modules\congestion_controller\goog_cc\trendline_estimator.cc">
      <Filter>webrtc\modules\congestion_controller\goog_cc</Filter>
    </ClCompile>
    <ClCompile Include="libwebrtc\modules\congestion_controller\rtp\control_handler.cc">
      <Filter>webrtc\modules\congestion_controller\rtp</Filter>
    </ClCompile>
    <ClCompile Include="libwebrtc\modules\congestion_controller\rtp\send_time_history.cc">
      <Filter>webrtc\modules\congestion_controller\rtp</Filter>
    </ClCompile>
    <ClCompile Include="libwebrtc\modules\congestion_controller\rtp\transport_feedback_adapter.cc">
      <Filter>webrtc\modules\congestion_controller\rtp</Filter>
    </ClCompile>
    <ClCompile Include="libwebrtc\modules\pacing\bitrate_prober.cc">
      <Filter>webrtc\modules\pacing</Filter>
    </ClCompile>
    <ClCompile Include="libwebrtc\modules\pacing\interval_budget.cc">
      <Filter>webrtc\modules\pacing</Filter>
    </ClCompile>
    <ClCompile Include="libwebrtc\modules\pacing\paced_sender.cc">
      <Filter>webrtc\modules\pacing</Filter>
    </ClCompile>
    <ClCompile Include="libwebrtc\modules\remote_bitrate_estimator\aimd_rate_control.cc">
      <Filter>webrtc\modules\remote_bitrate_estimator</Filter>
    </ClCompile>
    <ClCompile Include="libwebrtc\modules\remote_bitrate_estimator\bwe_defines.cc">
      <Filter>webrtc\modules\remote_bitrate_estimator</Filter>
    </ClCompile>
    <ClCompile Include="libwebrtc\modules\remote_bitrate_estimator\inter_arrival.cc">
      <Filter>webrtc\modules\remote_bitrate_estimator</Filter>
    </ClCompile>
    <ClCompile Include="libwebrtc\modules\remote_bitrate_estimator\overuse_detector.cc">
      <Filter>webrtc\modules\remote_bitrate_estimator</Filter>
    </ClCompile>
    <ClCompile Include="libwebrtc\modules\remote_bitrate_estimator\overuse_estimator.cc">
      <Filter>webrtc\modules\remote_bitrate_estimator</Filter>
    </ClCompile>
    <ClCompile Include="libwebrtc\modules\remote_bitrate_estimator\remote_bitrate_estimator_abs_send_time.cc">
      <Filter>webrtc\modules\remote_bitrate_estimator</Filter>
    </ClCompile>
    <ClCompile Include="libwebrtc\modules\rtp_rtcp\include\rtp_rtcp_defines.cc">
      <Filter>webrtc\modules\rtp_rtcp\include</Filter>
    </ClCompile>
    <ClCompile Include="libwebrtc\system_wrappers\source\field_trial.cc">
      <Filter>webrtc\system_wrappers\source</Filter>
    </ClCompile>
    <ClCompile Include="libwebrtc\rtc_base\rate_statistics.cc">
      <Filter>webrtc\rtc_base</Filter>
    </ClCompile>
    <ClCompile Include="libwebrtc\rtc_base\experiments\alr_experiment.cc">
      <Filter>webrtc\rtc_base\experiments</Filter>
    </ClCompile>
    <ClCompile Include="libwebrtc\rtc_base\experiments\field_trial_parser.cc">
      <Filter>webrtc\rtc_base\experiments</Filter>
    </ClCompile>
    <ClCompile Include="libwebrtc\rtc_base\experiments\field_trial_units.cc">
      <Filter>webrtc\rtc_base\experiments</Filter>
    </ClCompile>
    <ClCompile Include="libwebrtc\rtc_base\experiments\rate_control_settings.cc">
      <Filter>webrtc\rtc_base\experiments</Filter>
    </ClCompile>
    <ClCompile Include="libwebrtc\rtc_base\network\sent_packet.cc">
      <Filter>webrtc\rtc_base\network</Filter>
    </ClCompile>
    <ClCompile Include="rtcp\Bye.cpp">
      <Filter>rtcp</Filter>
    </ClCompile>
    <ClCompile Include="rtcp\CompoundPacket.cpp">
      <Filter>rtcp</Filter>
    </ClCompile>
    <ClCompile Include="rtcp\Feedback.cpp">
      <Filter>rtcp</Filter>
    </ClCompile>
    <ClCompile Include="rtcp\FeedbackPs.cpp">
      <Filter>rtcp</Filter>
    </ClCompile>
    <ClCompile Include="rtcp\FeedbackPsAfb.cpp">
      <Filter>rtcp</Filter>
    </ClCompile>
    <ClCompile Include="rtcp\FeedbackPsFir.cpp">
      <Filter>rtcp</Filter>
    </ClCompile>
    <ClCompile Include="rtcp\FeedbackPsLei.cpp">
      <Filter>rtcp</Filter>
    </ClCompile>
    <ClCompile Include="rtcp\FeedbackPsPli.cpp">
      <Filter>rtcp</Filter>
    </ClCompile>
    <ClCompile Include="rtcp\FeedbackPsRemb.cpp">
      <Filter>rtcp</Filter>
    </ClCompile>
    <ClCompile Include="rtcp\FeedbackPsRpsi.cpp">
      <Filter>rtcp</Filter>
    </ClCompile>
    <ClCompile Include="rtcp\FeedbackPsSli.cpp">
      <Filter>rtcp</Filter>
    </ClCompile>
    <ClCompile Include="rtcp\FeedbackPsTst.cpp">
      <Filter>rtcp</Filter>
    </ClCompile>
    <ClCompile Include="rtcp\FeedbackPsVbcm.cpp">
      <Filter>rtcp</Filter>
    </ClCompile>
    <ClCompile Include="rtcp\FeedbackRtp.cpp">
      <Filter>rtcp</Filter>
    </ClCompile>
    <ClCompile Include="rtcp\FeedbackRtpEcn.cpp">
      <Filter>rtcp</Filter>
    </ClCompile>
    <ClCompile Include="rtcp\FeedbackRtpNack.cpp">
      <Filter>rtcp</Filter>
    </ClCompile>
    <ClCompile Include="rtcp\FeedbackRtpSrReq.cpp">
      <Filter>rtcp</Filter>
    </ClCompile>
    <ClCompile Include="rtcp\FeedbackRtpTllei.cpp">
      <Filter>rtcp</Filter>
    </ClCompile>
    <ClCompile Include="rtcp\FeedbackRtpTmmb.cpp">
      <Filter>rtcp</Filter>
    </ClCompile>
    <ClCompile Include="rtcp\FeedbackRtpTransport.cpp">
      <Filter>rtcp</Filter>
    </ClCompile>
    <ClCompile Include="rtcp\Packet.cpp">
      <Filter>rtcp</Filter>
    </ClCompile>
    <ClCompile Include="rtcp\ReceiverReport.cpp">
      <Filter>rtcp</Filter>
    </ClCompile>
    <ClCompile Include="rtcp\Sdes.cpp">
      <Filter>rtcp</Filter>
    </ClCompile>
    <ClCompile Include="rtcp\SenderReport.cpp">
      <Filter>rtcp</Filter>
    </ClCompile>
    <ClCompile Include="rtcp\XR.cpp">
      <Filter>rtcp</Filter>
    </ClCompile>
    <ClCompile Include="rtcp\XrDelaySinceLastRr.cpp">
      <Filter>rtcp</Filter>
    </ClCompile>
    <ClCompile Include="rtcp\XrReceiverReferenceTime.cpp">
      <Filter>rtcp</Filter>
    </ClCompile>
    <ClCompile Include="main.cpp" />
    <ClCompile Include="H264.cpp">
      <Filter>codec</Filter>
    </ClCompile>
    <ClCompile Include="RtpPacket.cpp">
      <Filter>rtp</Filter>
    </ClCompile>
    <ClCompile Include="SeqManager.cpp">
      <Filter>rtp</Filter>
    </ClCompile>
    <ClCompile Include="Parameters.cpp">
      <Filter>rtp</Filter>
    </ClCompile>
    <ClCompile Include="Media.cpp">
      <Filter>rtp</Filter>
    </ClCompile>
    <ClCompile Include="RtcpFeedback.cpp">
      <Filter>rtp</Filter>
    </ClCompile>
    <ClCompile Include="RtcpParameters.cpp">
      <Filter>rtp</Filter>
    </ClCompile>
    <ClCompile Include="RtpCodecMimeType.cpp">
      <Filter>rtp</Filter>
    </ClCompile>
    <ClCompile Include="RtpCodecParameters.cpp">
      <Filter>rtp</Filter>
    </ClCompile>
    <ClCompile Include="RtpEncodingParameters.cpp">
      <Filter>rtp</Filter>
    </ClCompile>
    <ClCompile Include="RtpHeaderExtensionParameters.cpp">
      <Filter>rtp</Filter>
    </ClCompile>
    <ClCompile Include="RtpHeaderExtensionUri.cpp">
      <Filter>rtp</Filter>
    </ClCompile>
    <ClCompile Include="RtpParameters.cpp">
      <Filter>rtp</Filter>
    </ClCompile>
    <ClCompile Include="RtpRtxParameters.cpp">
      <Filter>rtp</Filter>
    </ClCompile>
    <ClCompile Include="ctimer.cpp">
      <Filter>timer</Filter>
    </ClCompile>
    <ClCompile Include="cuv_util.cpp">
      <Filter>uv_util</Filter>
    </ClCompile>
    <ClCompile Include="RtpProbationGenerator.cpp">
      <Filter>rtp</Filter>
    </ClCompile>
    <ClCompile Include="ccrypto_random.cpp">
      <Filter>util</Filter>
    </ClCompile>
    <ClCompile Include="csrtp_session.cpp">
      <Filter>srtp</Filter>
    </ClCompile>
    <ClCompile Include="cuv_ip.cpp">
      <Filter>uv_util</Filter>
    </ClCompile>
    <ClCompile Include="cudp_socket_handler.cpp">
      <Filter>uv_util</Filter>
    </ClCompile>
    <ClCompile Include="cmsg_dispatch.cpp">
      <Filter>dispatch</Filter>
    </ClCompile>
    <ClCompile Include="crtc_sdp.cpp">
      <Filter>rtc_sdp</Filter>
    </ClCompile>
    <ClCompile Include="crtc_sdp_util.cpp">
      <Filter>rtc_sdp</Filter>
    </ClCompile>
    <ClCompile Include="ccfg.cpp">
      <Filter>config</Filter>
    </ClCompile>
    <ClCompile Include="RtpDictionaries.cpp">
      <Filter>rtcp</Filter>
    </ClCompile>
    <ClCompile Include="crtc_sdp_handler.cpp">
      <Filter>rtc_sdp</Filter>
    </ClCompile>
    <ClCompile Include="cclient_msg_dispatch.cpp">
      <Filter>dispatch</Filter>
    </ClCompile>
    <ClCompile Include="cwan_handler.cpp">
      <Filter>handler</Filter>
    </ClCompile>
    <ClCompile Include="cortc.cpp">
      <Filter>ortc</Filter>
    </ClCompile>
    <ClCompile Include="cglobal_rtc.cpp">
      <Filter>rtc_util</Filter>
    </ClCompile>
    <ClCompile Include="crtc_util.cpp">
      <Filter>rtc_util</Filter>
    </ClCompile>
    <ClCompile Include="crate_calculator.cpp">
      <Filter>rtc_util</Filter>
    </ClCompile>
    <ClCompile Include="IceServer.cpp">
      <Filter>stun</Filter>
    </ClCompile>
    <ClCompile Include="IceCandidate.cpp">
      <Filter>stun</Filter>
    </ClCompile>
    <ClCompile Include="TransportCongestionControlServer.cpp">
      <Filter>congestion_controller</Filter>
    </ClCompile>
    <ClCompile Include="StunPacket.cpp">
      <Filter>stun</Filter>
    </ClCompile>
    <ClCompile Include="cguard_reply.cpp">
      <Filter>util</Filter>
    </ClCompile>
    <ClCompile Include="cudp_socket.cpp">
      <Filter>rtc_net</Filter>
    </ClCompile>
    <ClCompile Include="PortManager.cpp">
      <Filter>rtc_net</Filter>
    </ClCompile>
    <ClCompile Include="h264_profile_level_id.cc">
      <Filter>codec</Filter>
    </ClCompile>
    <ClCompile Include="crandom.cpp">
      <Filter>util</Filter>
    </ClCompile>
    <ClCompile Include="cmedia_desc.cpp">
      <Filter>rtc_sdp</Filter>
    </ClCompile>
    <ClCompile Include="crtc_sdp_test.cpp">
      <Filter>rtc_sdp</Filter>
    </ClCompile>
    <ClCompile Include="csocket_util.cpp">
      <Filter>net</Filter>
    </ClCompile>
    <ClCompile Include="cip_address.cpp">
      <Filter>net</Filter>
    </ClCompile>
    <ClCompile Include="cwin32.cpp">
      <Filter>net</Filter>
    </ClCompile>
    <ClCompile Include="cnetwork.cpp">
      <Filter>net</Filter>
    </ClCompile>
    <ClCompile Include="cnet_adapter_test.cpp">
      <Filter>net</Filter>
    </ClCompile>
    <ClCompile Include="capi_rtc_player.cpp">
      <Filter>api_rtc</Filter>
    </ClCompile>
    <ClCompile Include="capi_rtc_publish.cpp">
      <Filter>api_rtc</Filter>
    </ClCompile>
    <ClCompile Include="crtc_user_config.cpp">
      <Filter>rtc_config</Filter>
    </ClCompile>
    <ClCompile Include="crtc_connection.cpp">
      <Filter>rtc</Filter>
    </ClCompile>
    <ClCompile Include="crtc_server_mgr.cpp">
      <Filter>rtc</Filter>
    </ClCompile>
    <ClCompile Include="crtc_source.cpp">
      <Filter>media_source</Filter>
    </ClCompile>
    <ClCompile Include="crtc_track_description.cpp">
      <Filter>media_source</Filter>
    </ClCompile>
    <ClCompile Include="ccodec_payload.cpp">
      <Filter>media_source</Filter>
    </ClCompile>
    <ClCompile Include="cvideo_payload.cpp">
      <Filter>media_source</Filter>
    </ClCompile>
    <ClCompile Include="caudio_payload.cpp">
      <Filter>media_source</Filter>
    </ClCompile>
    <ClCompile Include="cred_payload.cpp">
      <Filter>media_source</Filter>
    </ClCompile>
    <ClCompile Include="crtx_paylod_des.cpp">
      <Filter>media_source</Filter>
    </ClCompile>
    <ClCompile Include="crtc_source_description.cpp">
      <Filter>media_source</Filter>
    </ClCompile>
    <ClCompile Include="crtc_consumer.cpp">
      <Filter>rtc</Filter>
    </ClCompile>
    <ClCompile Include="crtc_ssrc_generator.cpp">
      <Filter>media_source</Filter>
    </ClCompile>
    <ClCompile Include="crtc_constants.cpp">
      <Filter>rtc_constants</Filter>
    </ClCompile>
    <ClCompile Include="crtc_source_mgr.cpp">
      <Filter>media_source</Filter>
    </ClCompile>
    <ClCompile Include="cifaddrs_converter.cc">
      <Filter>net</Filter>
    </ClCompile>
    <ClCompile Include="cifaddrs_android.cc">
      <Filter>net</Filter>
    </ClCompile>
    <ClCompile Include="csrtp_session_test.cpp">
      <Filter>srtp</Filter>
    </ClCompile>
    <ClCompile Include="cdtls.cpp">
      <Filter>dtls</Filter>
    </ClCompile>
    <ClCompile Include="cdtls_test.cpp">
      <Filter>dtls</Filter>
    </ClCompile>
    <ClCompile Include="cdtls_certificate.cpp">
      <Filter>dtls</Filter>
    </ClCompile>
    <ClCompile Include="cdtls_session.cpp">
      <Filter>dtls</Filter>
    </ClCompile>
    <ClCompile Include="cstr2digit.cpp">
      <Filter>util</Filter>
    </ClCompile>
    <ClCompile Include="csrtp.cpp">
      <Filter>srtp</Filter>
    </ClCompile>
    <ClCompile Include="csrtp_util.cpp">
      <Filter>srtp</Filter>
    </ClCompile>
  </ItemGroup>
  <ItemGroup>
    <ClInclude Include="cnet_type.h">
      <Filter>util</Filter>
    </ClInclude>
    <ClInclude Include="cnoncopyable.h">
      <Filter>util</Filter>
    </ClInclude>
    <ClInclude Include="csingleton.h">
      <Filter>util</Filter>
    </ClInclude>
    <ClInclude Include="cnet_define.h">
      <Filter>util</Filter>
    </ClInclude>
    <ClInclude Include="cwebsocket_session.h">
      <Filter>websocket</Filter>
    </ClInclude>
    <ClInclude Include="cmedia_server.h">
      <Filter>server</Filter>
    </ClInclude>
    <ClInclude Include="cwebsocket_msg_queue.h">
      <Filter>websocket</Filter>
    </ClInclude>
    <ClInclude Include="cwebsocket_server_mgr.h">
      <Filter>websocket</Filter>
    </ClInclude>
    <ClInclude Include="cwebsocket_msg_reserve.h">
      <Filter>websocket</Filter>
    </ClInclude>
    <ClInclude Include="cwan_server.h">
      <Filter>server</Filter>
    </ClInclude>
    <ClInclude Include="cwan_session.h">
      <Filter>server</Filter>
    </ClInclude>
    <ClInclude Include="ctime_api.h">
      <Filter>time</Filter>
    </ClInclude>
    <ClInclude Include="ctime_const.h">
      <Filter>time</Filter>
    </ClInclude>
    <ClInclude Include="ctime_elapse.h">
      <Filter>time</Filter>
    </ClInclude>
    <ClInclude Include="croom.h">
      <Filter>room</Filter>
    </ClInclude>
    <ClInclude Include="casync_log.h">
      <Filter>log</Filter>
    </ClInclude>
    <ClInclude Include="clog_color.h">
      <Filter>log</Filter>
    </ClInclude>
    <ClInclude Include="cconfig.h">
      <Filter>config</Filter>
    </ClInclude>
    <ClInclude Include="cdigit2str.h">
      <Filter>util</Filter>
    </ClInclude>
    <ClInclude Include="clog.h">
      <Filter>log</Filter>
    </ClInclude>
    <ClInclude Include="clog_define.h">
      <Filter>log</Filter>
    </ClInclude>
    <ClInclude Include="croom_mgr.h">
      <Filter>room</Filter>
    </ClInclude>
    <ClInclude Include="libwebrtc\media_helpers.h">
      <Filter>webrtc</Filter>
    </ClInclude>
    <ClInclude Include="libwebrtc\api\bitrate_constraints.h">
      <Filter>webrtc\api</Filter>
    </ClInclude>
    <ClInclude Include="libwebrtc\api\network_state_predictor.h">
      <Filter>webrtc\api</Filter>
    </ClInclude>
    <ClInclude Include="libwebrtc\api\units\data_rate.h">
      <Filter>webrtc\api\units</Filter>
    </ClInclude>
    <ClInclude Include="libwebrtc\api\units\data_size.h">
      <Filter>webrtc\api\units</Filter>
    </ClInclude>
    <ClInclude Include="libwebrtc\api\units\frequency.h">
      <Filter>webrtc\api\units</Filter>
    </ClInclude>
    <ClInclude Include="libwebrtc\api\units\time_delta.h">
      <Filter>webrtc\api\units</Filter>
    </ClInclude>
    <ClInclude Include="libwebrtc\api\units\timestamp.h">
      <Filter>webrtc\api\units</Filter>
    </ClInclude>
    <ClInclude Include="libwebrtc\api\transport\bitrate_settings.h">
      <Filter>webrtc\api\transport</Filter>
    </ClInclude>
    <ClInclude Include="libwebrtc\api\transport\field_trial_based_config.h">
      <Filter>webrtc\api\transport</Filter>
    </ClInclude>
    <ClInclude Include="libwebrtc\api\transport\goog_cc_factory.h">
      <Filter>webrtc\api\transport</Filter>
    </ClInclude>
    <ClInclude Include="libwebrtc\api\transport\network_control.h">
      <Filter>webrtc\api\transport</Filter>
    </ClInclude>
    <ClInclude Include="libwebrtc\api\transport\network_types.h">
      <Filter>webrtc\api\transport</Filter>
    </ClInclude>
    <ClInclude Include="libwebrtc\api\transport\webrtc_key_value_config.h">
      <Filter>webrtc\api\transport</Filter>
    </ClInclude>
    <ClInclude Include="libwebrtc\call\rtp_transport_controller_send.h">
      <Filter>webrtc\call</Filter>
    </ClInclude>
    <ClInclude Include="libwebrtc\call\rtp_transport_controller_send_interface.h">
      <Filter>webrtc\call</Filter>
    </ClInclude>
    <ClInclude Include="libwebrtc\modules\bitrate_controller\loss_based_bandwidth_estimation.h">
      <Filter>webrtc\modules\bitrate_controller</Filter>
    </ClInclude>
    <ClInclude Include="libwebrtc\modules\bitrate_controller\send_side_bandwidth_estimation.h">
      <Filter>webrtc\modules\bitrate_controller</Filter>
    </ClInclude>
    <ClInclude Include="libwebrtc\modules\congestion_controller\goog_cc\acknowledged_bitrate_estimator.h">
      <Filter>webrtc\modules\congestion_controller\goog_cc</Filter>
    </ClInclude>
    <ClInclude Include="libwebrtc\modules\congestion_controller\goog_cc\alr_detector.h">
      <Filter>webrtc\modules\congestion_controller\goog_cc</Filter>
    </ClInclude>
    <ClInclude Include="libwebrtc\modules\congestion_controller\goog_cc\bitrate_estimator.h">
      <Filter>webrtc\modules\congestion_controller\goog_cc</Filter>
    </ClInclude>
    <ClInclude Include="libwebrtc\modules\congestion_controller\goog_cc\congestion_window_pushback_controller.h">
      <Filter>webrtc\modules\congestion_controller\goog_cc</Filter>
    </ClInclude>
    <ClInclude Include="libwebrtc\modules\congestion_controller\goog_cc\delay_based_bwe.h">
      <Filter>webrtc\modules\congestion_controller\goog_cc</Filter>
    </ClInclude>
    <ClInclude Include="libwebrtc\modules\congestion_controller\goog_cc\delay_increase_detector_interface.h">
      <Filter>webrtc\modules\congestion_controller\goog_cc</Filter>
    </ClInclude>
    <ClInclude Include="libwebrtc\modules\congestion_controller\goog_cc\goog_cc_network_control.h">
      <Filter>webrtc\modules\congestion_controller\goog_cc</Filter>
    </ClInclude>
    <ClInclude Include="libwebrtc\modules\congestion_controller\goog_cc\link_capacity_estimator.h">
      <Filter>webrtc\modules\congestion_controller\goog_cc</Filter>
    </ClInclude>
    <ClInclude Include="libwebrtc\modules\congestion_controller\goog_cc\median_slope_estimator.h">
      <Filter>webrtc\modules\congestion_controller\goog_cc</Filter>
    </ClInclude>
    <ClInclude Include="libwebrtc\modules\congestion_controller\goog_cc\probe_bitrate_estimator.h">
      <Filter>webrtc\modules\congestion_controller\goog_cc</Filter>
    </ClInclude>
    <ClInclude Include="libwebrtc\modules\congestion_controller\goog_cc\probe_controller.h">
      <Filter>webrtc\modules\congestion_controller\goog_cc</Filter>
    </ClInclude>
    <ClInclude Include="libwebrtc\modules\congestion_controller\goog_cc\trendline_estimator.h">
      <Filter>webrtc\modules\congestion_controller\goog_cc</Filter>
    </ClInclude>
    <ClInclude Include="libwebrtc\modules\congestion_controller\rtp\control_handler.h">
      <Filter>webrtc\modules\congestion_controller\rtp</Filter>
    </ClInclude>
    <ClInclude Include="libwebrtc\modules\congestion_controller\rtp\send_time_history.h">
      <Filter>webrtc\modules\congestion_controller\rtp</Filter>
    </ClInclude>
    <ClInclude Include="libwebrtc\modules\congestion_controller\rtp\transport_feedback_adapter.h">
      <Filter>webrtc\modules\congestion_controller\rtp</Filter>
    </ClInclude>
    <ClInclude Include="libwebrtc\modules\include\module_common_types_public.h">
      <Filter>webrtc\modules\include</Filter>
    </ClInclude>
    <ClInclude Include="libwebrtc\modules\pacing\bitrate_prober.h">
      <Filter>webrtc\modules\pacing</Filter>
    </ClInclude>
    <ClInclude Include="libwebrtc\modules\pacing\interval_budget.h">
      <Filter>webrtc\modules\pacing</Filter>
    </ClInclude>
    <ClInclude Include="libwebrtc\modules\pacing\paced_sender.h">
      <Filter>webrtc\modules\pacing</Filter>
    </ClInclude>
    <ClInclude Include="libwebrtc\modules\pacing\packet_router.h">
      <Filter>webrtc\modules\pacing</Filter>
    </ClInclude>
    <ClInclude Include="libwebrtc\modules\remote_bitrate_estimator\aimd_rate_control.h">
      <Filter>webrtc\modules\remote_bitrate_estimator</Filter>
    </ClInclude>
    <ClInclude Include="libwebrtc\modules\remote_bitrate_estimator\inter_arrival.h">
      <Filter>webrtc\modules\remote_bitrate_estimator</Filter>
    </ClInclude>
    <ClInclude Include="libwebrtc\modules\remote_bitrate_estimator\overuse_detector.h">
      <Filter>webrtc\modules\remote_bitrate_estimator</Filter>
    </ClInclude>
    <ClInclude Include="libwebrtc\modules\remote_bitrate_estimator\overuse_estimator.h">
      <Filter>webrtc\modules\remote_bitrate_estimator</Filter>
    </ClInclude>
    <ClInclude Include="libwebrtc\modules\remote_bitrate_estimator\remote_bitrate_estimator_abs_send_time.h">
      <Filter>webrtc\modules\remote_bitrate_estimator</Filter>
    </ClInclude>
    <ClInclude Include="libwebrtc\modules\remote_bitrate_estimator\include\bwe_defines.h">
      <Filter>webrtc\modules\remote_bitrate_estimator\include</Filter>
    </ClInclude>
    <ClInclude Include="libwebrtc\modules\remote_bitrate_estimator\include\remote_bitrate_estimator.h">
      <Filter>webrtc\modules\remote_bitrate_estimator\include</Filter>
    </ClInclude>
    <ClInclude Include="libwebrtc\modules\rtp_rtcp\include\rtp_rtcp_defines.h">
      <Filter>webrtc\modules\rtp_rtcp\include</Filter>
    </ClInclude>
    <ClInclude Include="libwebrtc\modules\rtp_rtcp\source\rtp_packet\transport_feedback.h">
      <Filter>webrtc\modules\rtp_rtcp\source\rtp_packet</Filter>
    </ClInclude>
    <ClInclude Include="libwebrtc\system_wrappers\source\field_trial.h">
      <Filter>webrtc\system_wrappers\source</Filter>
    </ClInclude>
    <ClInclude Include="libwebrtc\rtc_base\constructor_magic.h">
      <Filter>webrtc\rtc_base</Filter>
    </ClInclude>
    <ClInclude Include="libwebrtc\rtc_base\rate_statistics.h">
      <Filter>webrtc\rtc_base</Filter>
    </ClInclude>
    <ClInclude Include="libwebrtc\rtc_base\type_traits.h">
      <Filter>webrtc\rtc_base</Filter>
    </ClInclude>
    <ClInclude Include="libwebrtc\rtc_base\experiments\alr_experiment.h">
      <Filter>webrtc\rtc_base\experiments</Filter>
    </ClInclude>
    <ClInclude Include="libwebrtc\rtc_base\experiments\field_trial_parser.h">
      <Filter>webrtc\rtc_base\experiments</Filter>
    </ClInclude>
    <ClInclude Include="libwebrtc\rtc_base\experiments\field_trial_units.h">
      <Filter>webrtc\rtc_base\experiments</Filter>
    </ClInclude>
    <ClInclude Include="libwebrtc\rtc_base\experiments\rate_control_settings.h">
      <Filter>webrtc\rtc_base\experiments</Filter>
    </ClInclude>
    <ClInclude Include="libwebrtc\rtc_base\network\sent_packet.h">
      <Filter>webrtc\rtc_base\network</Filter>
    </ClInclude>
    <ClInclude Include="libwebrtc\rtc_base\numerics\percentile_filter.h">
      <Filter>webrtc\rtc_base\numerics</Filter>
    </ClInclude>
    <ClInclude Include="libwebrtc\rtc_base\numerics\safe_compare.h">
      <Filter>webrtc\rtc_base\numerics</Filter>
    </ClInclude>
    <ClInclude Include="libwebrtc\rtc_base\numerics\safe_conversions.h">
      <Filter>webrtc\rtc_base\numerics</Filter>
    </ClInclude>
    <ClInclude Include="libwebrtc\rtc_base\numerics\safe_conversions_impl.h">
      <Filter>webrtc\rtc_base\numerics</Filter>
    </ClInclude>
    <ClInclude Include="libwebrtc\rtc_base\numerics\safe_minmax.h">
      <Filter>webrtc\rtc_base\numerics</Filter>
    </ClInclude>
    <ClInclude Include="libwebrtc\rtc_base\system\unused.h">
      <Filter>webrtc\rtc_base\system</Filter>
    </ClInclude>
    <ClInclude Include="libwebrtc\rtc_base\units\unit_base.h">
      <Filter>webrtc\rtc_base\units</Filter>
    </ClInclude>
    <ClInclude Include="rtcp\Bye.hpp">
      <Filter>rtcp</Filter>
    </ClInclude>
    <ClInclude Include="rtcp\CompoundPacket.hpp">
      <Filter>rtcp</Filter>
    </ClInclude>
    <ClInclude Include="rtcp\Feedback.hpp">
      <Filter>rtcp</Filter>
    </ClInclude>
    <ClInclude Include="rtcp\FeedbackItem.hpp">
      <Filter>rtcp</Filter>
    </ClInclude>
    <ClInclude Include="rtcp\FeedbackPs.hpp">
      <Filter>rtcp</Filter>
    </ClInclude>
    <ClInclude Include="rtcp\FeedbackPsAfb.hpp">
      <Filter>rtcp</Filter>
    </ClInclude>
    <ClInclude Include="rtcp\FeedbackPsFir.hpp">
      <Filter>rtcp</Filter>
    </ClInclude>
    <ClInclude Include="rtcp\FeedbackPsLei.hpp">
      <Filter>rtcp</Filter>
    </ClInclude>
    <ClInclude Include="rtcp\FeedbackPsPli.hpp">
      <Filter>rtcp</Filter>
    </ClInclude>
    <ClInclude Include="rtcp\FeedbackPsRemb.hpp">
      <Filter>rtcp</Filter>
    </ClInclude>
    <ClInclude Include="rtcp\FeedbackPsRpsi.hpp">
      <Filter>rtcp</Filter>
    </ClInclude>
    <ClInclude Include="rtcp\FeedbackPsSli.hpp">
      <Filter>rtcp</Filter>
    </ClInclude>
    <ClInclude Include="rtcp\FeedbackPsTst.hpp">
      <Filter>rtcp</Filter>
    </ClInclude>
    <ClInclude Include="rtcp\FeedbackPsVbcm.hpp">
      <Filter>rtcp</Filter>
    </ClInclude>
    <ClInclude Include="rtcp\FeedbackRtp.hpp">
      <Filter>rtcp</Filter>
    </ClInclude>
    <ClInclude Include="rtcp\FeedbackRtpEcn.hpp">
      <Filter>rtcp</Filter>
    </ClInclude>
    <ClInclude Include="rtcp\FeedbackRtpNack.hpp">
      <Filter>rtcp</Filter>
    </ClInclude>
    <ClInclude Include="rtcp\FeedbackRtpSrReq.hpp">
      <Filter>rtcp</Filter>
    </ClInclude>
    <ClInclude Include="rtcp\FeedbackRtpTllei.hpp">
      <Filter>rtcp</Filter>
    </ClInclude>
    <ClInclude Include="rtcp\FeedbackRtpTmmb.hpp">
      <Filter>rtcp</Filter>
    </ClInclude>
    <ClInclude Include="rtcp\FeedbackRtpTransport.hpp">
      <Filter>rtcp</Filter>
    </ClInclude>
    <ClInclude Include="rtcp\Packet.hpp">
      <Filter>rtcp</Filter>
    </ClInclude>
    <ClInclude Include="rtcp\ReceiverReport.hpp">
      <Filter>rtcp</Filter>
    </ClInclude>
    <ClInclude Include="rtcp\Sdes.hpp">
      <Filter>rtcp</Filter>
    </ClInclude>
    <ClInclude Include="rtcp\SenderReport.hpp">
      <Filter>rtcp</Filter>
    </ClInclude>
    <ClInclude Include="rtcp\XR.hpp">
      <Filter>rtcp</Filter>
    </ClInclude>
    <ClInclude Include="rtcp\XrDelaySinceLastRr.hpp">
      <Filter>rtcp</Filter>
    </ClInclude>
    <ClInclude Include="rtcp\XrReceiverReferenceTime.hpp">
      <Filter>rtcp</Filter>
    </ClInclude>
    <ClInclude Include="H264.hpp">
      <Filter>codec</Filter>
    </ClInclude>
    <ClInclude Include="PayloadDescriptorHandler.hpp">
      <Filter>codec</Filter>
    </ClInclude>
    <ClInclude Include="Tools.hpp">
      <Filter>codec</Filter>
    </ClInclude>
    <ClInclude Include="RtpPacket.hpp">
      <Filter>rtp</Filter>
    </ClInclude>
    <ClInclude Include="SeqManager.hpp">
      <Filter>rtp</Filter>
    </ClInclude>
    <ClInclude Include="Parameters.hpp">
      <Filter>rtp</Filter>
    </ClInclude>
    <ClInclude Include="RtpDictionaries.hpp">
      <Filter>rtp</Filter>
    </ClInclude>
    <ClInclude Include="RtpHeaderExtensionIds.hpp">
      <Filter>rtp</Filter>
    </ClInclude>
    <ClInclude Include="ctimer.h">
      <Filter>timer</Filter>
    </ClInclude>
    <ClInclude Include="cuv_util.h">
      <Filter>uv_util</Filter>
    </ClInclude>
    <ClInclude Include="BweType.hpp">
      <Filter>rtp</Filter>
    </ClInclude>
    <ClInclude Include="RtpProbationGenerator.hpp">
      <Filter>rtp</Filter>
    </ClInclude>
    <ClInclude Include="ccrypto_random.h">
      <Filter>util</Filter>
    </ClInclude>
    <ClInclude Include="csrtp_session.h">
      <Filter>srtp</Filter>
    </ClInclude>
    <ClInclude Include="cuv_ip.h">
      <Filter>uv_util</Filter>
    </ClInclude>
    <ClInclude Include="cudp_socket_handler.h">
      <Filter>uv_util</Filter>
    </ClInclude>
    <ClInclude Include="cmsg_dispatch.h">
      <Filter>dispatch</Filter>
    </ClInclude>
    <ClInclude Include="cmsg_base_id.h">
      <Filter>msg</Filter>
    </ClInclude>
    <ClInclude Include="crtc_sdp.h">
      <Filter>rtc_sdp</Filter>
    </ClInclude>
    <ClInclude Include="crtc_sdp_util.h">
      <Filter>rtc_sdp</Filter>
    </ClInclude>
    <ClInclude Include="crtc_sdp_define.h">
      <Filter>rtc_sdp</Filter>
    </ClInclude>
    <ClInclude Include="ccfg.h">
      <Filter>config</Filter>
    </ClInclude>
    <ClInclude Include="cclient_msg_dispatch.h">
      <Filter>dispatch</Filter>
    </ClInclude>
    <ClInclude Include="cshare_proto_error.h">
      <Filter>msg</Filter>
    </ClInclude>
    <ClInclude Include="cortc.h">
      <Filter>ortc</Filter>
    </ClInclude>
    <ClInclude Include="cglobal_rtc.h">
      <Filter>rtc_util</Filter>
    </ClInclude>
    <ClInclude Include="crtc_util.h">
      <Filter>rtc_util</Filter>
    </ClInclude>
    <ClInclude Include="crate_calculator.h">
      <Filter>rtc_util</Filter>
    </ClInclude>
    <ClInclude Include="IceServer.hpp">
      <Filter>stun</Filter>
    </ClInclude>
    <ClInclude Include="IceCandidate.hpp">
      <Filter>stun</Filter>
    </ClInclude>
    <ClInclude Include="TransportCongestionControlServer.hpp">
      <Filter>congestion_controller</Filter>
    </ClInclude>
    <ClInclude Include="StunPacket.hpp">
      <Filter>stun</Filter>
    </ClInclude>
    <ClInclude Include="cguard_reply.h">
      <Filter>util</Filter>
    </ClInclude>
    <ClInclude Include="cudp_socket.h">
      <Filter>rtc_net</Filter>
    </ClInclude>
    <ClInclude Include="PortManager.hpp">
      <Filter>rtc_net</Filter>
    </ClInclude>
    <ClInclude Include="h264_profile_level_id.h">
      <Filter>codec</Filter>
    </ClInclude>
    <ClInclude Include="common_types.h">
      <Filter>codec</Filter>
    </ClInclude>
    <ClInclude Include="crandom.h">
      <Filter>util</Filter>
    </ClInclude>
    <ClInclude Include="cmedia_desc.h">
      <Filter>rtc_sdp</Filter>
    </ClInclude>
    <ClInclude Include="cmedia_error.h">
      <Filter>rtc_sdp</Filter>
    </ClInclude>
    <ClInclude Include="crtc_sdp_test.h">
      <Filter>rtc_sdp</Filter>
    </ClInclude>
    <ClInclude Include="csocket_util.h">
      <Filter>net</Filter>
    </ClInclude>
    <ClInclude Include="cip_address.h">
      <Filter>net</Filter>
    </ClInclude>
    <ClInclude Include="cbyte_order.h">
      <Filter>net</Filter>
    </ClInclude>
    <ClInclude Include="cwin32.h">
      <Filter>net</Filter>
    </ClInclude>
    <ClInclude Include="carraysize.h">
      <Filter>net</Filter>
    </ClInclude>
    <ClInclude Include="cnetwork.h">
      <Filter>net</Filter>
    </ClInclude>
    <ClInclude Include="cnetwork_constants.h">
      <Filter>net</Filter>
    </ClInclude>
    <ClInclude Include="cnet_adapter_test.h">
      <Filter>net</Filter>
    </ClInclude>
    <ClInclude Include="capi_rtc_player.h">
      <Filter>api_rtc</Filter>
    </ClInclude>
    <ClInclude Include="capi_rtc_publish.h">
      <Filter>api_rtc</Filter>
    </ClInclude>
    <ClInclude Include="crtc_user_config.h">
      <Filter>rtc_config</Filter>
    </ClInclude>
    <ClInclude Include="crtc_connection.h">
      <Filter>rtc</Filter>
    </ClInclude>
    <ClInclude Include="crtc_server_mgr.h">
      <Filter>rtc</Filter>
    </ClInclude>
    <ClInclude Include="crtc_source.h">
      <Filter>media_source</Filter>
    </ClInclude>
    <ClInclude Include="crtc_track_description.h">
      <Filter>media_source</Filter>
    </ClInclude>
    <ClInclude Include="ccodec_payload.h">
      <Filter>media_source</Filter>
    </ClInclude>
    <ClInclude Include="cvideo_payload.h">
      <Filter>media_source</Filter>
    </ClInclude>
    <ClInclude Include="caudio_payload.h">
      <Filter>media_source</Filter>
    </ClInclude>
    <ClInclude Include="cred_payload.h">
      <Filter>media_source</Filter>
    </ClInclude>
    <ClInclude Include="crtx_paylod_des.h">
      <Filter>media_source</Filter>
    </ClInclude>
    <ClInclude Include="crtc_source_description.h">
      <Filter>media_source</Filter>
    </ClInclude>
    <ClInclude Include="crtc_consumer.h">
      <Filter>rtc</Filter>
    </ClInclude>
    <ClInclude Include="crtc_ssrc_generator.h">
      <Filter>media_source</Filter>
    </ClInclude>
    <ClInclude Include="crtc_constants.h">
      <Filter>rtc_constants</Filter>
    </ClInclude>
    <ClInclude Include="crtc_source_mgr.h">
      <Filter>media_source</Filter>
    </ClInclude>
    <ClInclude Include="cifaddrs_converter.h">
      <Filter>net</Filter>
    </ClInclude>
    <ClInclude Include="cifaddrs_android.h">
      <Filter>net</Filter>
    </ClInclude>
    <ClInclude Include="csrtp_session_test.h">
      <Filter>srtp</Filter>
    </ClInclude>
    <ClInclude Include="cdtls.h">
      <Filter>dtls</Filter>
    </ClInclude>
    <ClInclude Include="cdtls_test.h">
      <Filter>dtls</Filter>
    </ClInclude>
    <ClInclude Include="cdtls_certificate.h">
      <Filter>dtls</Filter>
    </ClInclude>
    <ClInclude Include="cdtls_define.h">
      <Filter>dtls</Filter>
    </ClInclude>
    <ClInclude Include="cdtls_session.h">
      <Filter>dtls</Filter>
    </ClInclude>
    <ClInclude Include="cstr2digit.h">
      <Filter>util</Filter>
    </ClInclude>
    <ClInclude Include="csrtp.h">
      <Filter>srtp</Filter>
    </ClInclude>
    <ClInclude Include="csrtp_util.h">
      <Filter>srtp</Filter>
    </ClInclude>
    <ClInclude Include="csrtp_define.h">
      <Filter>srtp</Filter>
    </ClInclude>
  </ItemGroup>
  <ItemGroup>
    <None Include="README.md" />
  </ItemGroup>
</Project>