<?xml version="1.0" encoding="utf-8"?>
<Project ToolsVersion="4.0" xmlns="http://schemas.microsoft.com/developer/msbuild/2003">
  <ItemGroup>
    <Filter Include="server">
      <UniqueIdentifier>{f89a760f-adbc-4f2f-bf73-ddc6388966f2}</UniqueIdentifier>
    </Filter>
    <Filter Include="util">
      <UniqueIdentifier>{72be228e-f7b1-4a28-81d0-4f5bd7ec9f72}</UniqueIdentifier>
    </Filter>
    <Filter Include="websocket">
      <UniqueIdentifier>{720dbde5-ef3c-40d1-9c23-34af6670d3a1}</UniqueIdentifier>
    </Filter>
    <Filter Include="time">
      <UniqueIdentifier>{d6d29f20-ac45-47f5-9f2a-884ede23774f}</UniqueIdentifier>
    </Filter>
    <Filter Include="room">
      <UniqueIdentifier>{30847938-820a-4c93-a1e2-93c06723431f}</UniqueIdentifier>
    </Filter>
    <Filter Include="log">
      <UniqueIdentifier>{c3cbb629-ff4b-40ed-91fa-b2ab410621ee}</UniqueIdentifier>
    </Filter>
    <Filter Include="config">
      <UniqueIdentifier>{5336c143-79d9-427d-8da2-675e266b3f7b}</UniqueIdentifier>
    </Filter>
    <Filter Include="codec">
      <UniqueIdentifier>{f97dffcd-ea96-4658-a0f9-ed372197718d}</UniqueIdentifier>
    </Filter>
    <Filter Include="rtp">
      <UniqueIdentifier>{d122d46a-1df8-41af-82c0-6471bc099e0d}</UniqueIdentifier>
    </Filter>
    <Filter Include="webrtc">
      <UniqueIdentifier>{a0224bec-dd2d-4b2d-958f-fe2afcb39bb2}</UniqueIdentifier>
    </Filter>
    <Filter Include="webrtc\api">
      <UniqueIdentifier>{161ddd9b-defc-4ed4-9db7-44bd34ce67d8}</UniqueIdentifier>
    </Filter>
    <Filter Include="webrtc\api\transport">
      <UniqueIdentifier>{2ec67219-30ee-45c3-8be7-d92890c54b69}</UniqueIdentifier>
    </Filter>
    <Filter Include="webrtc\api\units">
      <UniqueIdentifier>{a01569d7-7008-443b-a247-90ba08adb7f3}</UniqueIdentifier>
    </Filter>
    <Filter Include="webrtc\call">
      <UniqueIdentifier>{cb5c0420-fc40-4e64-98c7-8ad8fe5686d2}</UniqueIdentifier>
    </Filter>
    <Filter Include="webrtc\modules">
      <UniqueIdentifier>{43bfa9f7-22e9-4493-839f-5a6d5e00b6ac}</UniqueIdentifier>
    </Filter>
    <Filter Include="webrtc\modules\bitrate_controller">
      <UniqueIdentifier>{069ba47b-6810-45e2-95f0-21171413038e}</UniqueIdentifier>
    </Filter>
    <Filter Include="webrtc\modules\congestion_controller">
      <UniqueIdentifier>{6063955d-618e-4d65-b73b-c3ab89805ae9}</UniqueIdentifier>
    </Filter>
    <Filter Include="webrtc\modules\congestion_controller\goog_cc">
      <UniqueIdentifier>{8a4d697a-f9a6-4eab-b2c6-387e3ac59d71}</UniqueIdentifier>
    </Filter>
    <Filter Include="webrtc\modules\congestion_controller\rtp">
      <UniqueIdentifier>{9af1b45f-36cb-4ba1-825d-a0cb818b6a9b}</UniqueIdentifier>
    </Filter>
    <Filter Include="webrtc\modules\include">
      <UniqueIdentifier>{eaa86ccd-8f9d-4408-abd3-0bb59be8bd3c}</UniqueIdentifier>
    </Filter>
    <Filter Include="webrtc\modules\pacing">
      <UniqueIdentifier>{5d4b6989-a9e6-4fda-a0d1-48c31a55bc87}</UniqueIdentifier>
    </Filter>
    <Filter Include="webrtc\modules\remote_bitrate_estimator">
      <UniqueIdentifier>{f9354750-8d24-44e0-b04b-eaf8e05c56b3}</UniqueIdentifier>
    </Filter>
    <Filter Include="webrtc\modules\remote_bitrate_estimator\include">
      <UniqueIdentifier>{cbdadddb-69be-42f1-a88c-5c5f4e4518d2}</UniqueIdentifier>
    </Filter>
    <Filter Include="webrtc\modules\rtp_rtcp">
      <UniqueIdentifier>{c8fecb25-91e2-467d-9d73-8fb25c74a8f6}</UniqueIdentifier>
    </Filter>
    <Filter Include="webrtc\modules\rtp_rtcp\include">
      <UniqueIdentifier>{189e6c24-664b-4426-9353-64656fe40d12}</UniqueIdentifier>
    </Filter>
    <Filter Include="webrtc\modules\rtp_rtcp\source">
      <UniqueIdentifier>{1247614d-063f-4450-96cb-9f04f912cd8b}</UniqueIdentifier>
    </Filter>
    <Filter Include="webrtc\modules\rtp_rtcp\source\rtp_packet">
      <UniqueIdentifier>{4e572b47-d774-42fb-b796-f974ff2c31a0}</UniqueIdentifier>
    </Filter>
    <Filter Include="webrtc\rtc_base">
      <UniqueIdentifier>{44fc9369-06b8-4a46-b13b-806055b0e0e6}</UniqueIdentifier>
    </Filter>
    <Filter Include="webrtc\rtc_base\experiments">
      <UniqueIdentifier>{dd6dd8a9-f236-43eb-886f-db75b59a3d6c}</UniqueIdentifier>
    </Filter>
    <Filter Include="webrtc\rtc_base\network">
      <UniqueIdentifier>{fa851e9d-b35c-4f0f-82d6-7708b273e053}</UniqueIdentifier>
    </Filter>
    <Filter Include="webrtc\rtc_base\numerics">
      <UniqueIdentifier>{2c38986e-f2c4-4c11-8e8e-924bea775e07}</UniqueIdentifier>
    </Filter>
    <Filter Include="webrtc\rtc_base\system">
      <UniqueIdentifier>{551c7490-94f7-4f3c-b4eb-68567285ba58}</UniqueIdentifier>
    </Filter>
    <Filter Include="webrtc\rtc_base\units">
      <UniqueIdentifier>{c0515b33-e24e-4567-8278-d4431d15fe92}</UniqueIdentifier>
    </Filter>
    <Filter Include="webrtc\system_wrappers">
      <UniqueIdentifier>{2136c2db-32b7-40ff-846c-c606234c72f9}</UniqueIdentifier>
    </Filter>
    <Filter Include="webrtc\system_wrappers\source">
      <UniqueIdentifier>{05a7f283-f5bb-4af9-97c0-8a7a8e683bb5}</UniqueIdentifier>
    </Filter>
    <Filter Include="uv_util">
      <UniqueIdentifier>{f290d998-3745-4b92-8f65-bfdbb4954baa}</UniqueIdentifier>
    </Filter>
    <Filter Include="dispatch">
      <UniqueIdentifier>{b6f186fc-a22c-4529-af01-6b6562f70d3b}</UniqueIdentifier>
    </Filter>
    <Filter Include="msg">
      <UniqueIdentifier>{e3178b1b-a53f-4582-8522-47d04eb058d0}</UniqueIdentifier>
    </Filter>
    <Filter Include="rtc_sdp">
      <UniqueIdentifier>{801b5d36-9592-4ef0-8d27-d56911db4136}</UniqueIdentifier>
    </Filter>
    <Filter Include="handler">
      <UniqueIdentifier>{7a5ee41c-66a1-4c09-9cfa-8250595cbe9d}</UniqueIdentifier>
    </Filter>
    <Filter Include="reply">
      <UniqueIdentifier>{e2db577d-a684-42e1-9a5f-7dd9cf7179a3}</UniqueIdentifier>
    </Filter>
    <Filter Include="rtc_util">
      <UniqueIdentifier>{62a0fabd-1d61-452e-9530-566c52228673}</UniqueIdentifier>
    </Filter>
    <Filter Include="rtc_net">
      <UniqueIdentifier>{3873831c-7ff7-4f2b-b4a3-d67077519f95}</UniqueIdentifier>
    </Filter>
    <Filter Include="net">
      <UniqueIdentifier>{af7692e2-78a3-43ca-b184-1b6aa1d0a101}</UniqueIdentifier>
    </Filter>
    <Filter Include="api_rtc">
      <UniqueIdentifier>{c005d72d-ddc2-41ba-b36b-21907191c840}</UniqueIdentifier>
    </Filter>
    <Filter Include="rtc_config">
      <UniqueIdentifier>{55bcd94b-04f6-4591-b574-218acf5fd343}</UniqueIdentifier>
    </Filter>
    <Filter Include="rtc_constants">
      <UniqueIdentifier>{290348eb-8d88-44fa-a2ff-dfb233b1acff}</UniqueIdentifier>
    </Filter>
    <Filter Include="buffer">
      <UniqueIdentifier>{40d28993-4100-4f60-bf9b-5caf7120cbfb}</UniqueIdentifier>
    </Filter>
    <Filter Include="crc">
      <UniqueIdentifier>{8153be3d-aa65-4797-86f9-93af491e0df9}</UniqueIdentifier>
    </Filter>
    <Filter Include="global_config">
      <UniqueIdentifier>{1cc8ffb4-ab17-45f2-9725-4a7ac1425dc1}</UniqueIdentifier>
    </Filter>
    <Filter Include="rtp_rtcp">
      <UniqueIdentifier>{5346d05d-a2b4-45f6-a68d-e9488beef75d}</UniqueIdentifier>
    </Filter>
    <Filter Include="auth">
      <UniqueIdentifier>{deede085-027b-4981-b46e-0001f30b6b3f}</UniqueIdentifier>
    </Filter>
    <Filter Include="media">
      <UniqueIdentifier>{6a43ae28-1e60-4e32-acbd-d3dd5d2c8e2e}</UniqueIdentifier>
    </Filter>
    <Filter Include="video_coding">
      <UniqueIdentifier>{c3352090-6c92-497d-8ca6-86cedf9deec4}</UniqueIdentifier>
    </Filter>
    <Filter Include="rtp_video_header">
      <UniqueIdentifier>{c1903a29-96fe-4f9f-bb33-b6bbdc7d0dbd}</UniqueIdentifier>
    </Filter>
    <Filter Include="video_coding\av1">
      <UniqueIdentifier>{9298b4fd-5777-4140-9706-efb38bcd69a4}</UniqueIdentifier>
    </Filter>
    <Filter Include="video_render">
      <UniqueIdentifier>{e47e1093-21c1-4155-aa3a-d848beb53f46}</UniqueIdentifier>
    </Filter>
    <Filter Include="usrsctp">
      <UniqueIdentifier>{43748408-04aa-4544-affd-66c652575ba6}</UniqueIdentifier>
    </Filter>
    <Filter Include="usrsctp\usrsctplib">
      <UniqueIdentifier>{3889016f-6951-4967-908a-7c597a980216}</UniqueIdentifier>
    </Filter>
    <Filter Include="usrsctp\usrsctplib\netinet6">
      <UniqueIdentifier>{0d1d8047-bb26-4cf9-9b41-6c15c21cc6c9}</UniqueIdentifier>
    </Filter>
    <Filter Include="usrsctp\usrsctplib\netinet">
      <UniqueIdentifier>{99a9846b-f8c2-4d69-8803-f1d3ac9ccd3d}</UniqueIdentifier>
    </Filter>
    <Filter Include="libsrtp">
      <UniqueIdentifier>{c741d10e-b153-4c19-909d-16043726fea1}</UniqueIdentifier>
    </Filter>
    <Filter Include="libsrtp\srtp">
      <UniqueIdentifier>{eb88b23b-25e4-40d2-bab2-2f99b7ab2d1d}</UniqueIdentifier>
    </Filter>
    <Filter Include="libsrtp\srtp\srtp">
      <UniqueIdentifier>{f92e1e09-8f94-478a-b489-33f72d1f2ca8}</UniqueIdentifier>
    </Filter>
    <Filter Include="libsrtp\srtp\include">
      <UniqueIdentifier>{856c1054-13ec-4aa0-ad9a-ef45029e4cb9}</UniqueIdentifier>
    </Filter>
    <Filter Include="libsrtp\srtp\crypto">
      <UniqueIdentifier>{abb21d72-8e6c-4e99-be27-6cd6732b5903}</UniqueIdentifier>
    </Filter>
    <Filter Include="libsrtp\srtp\crypto\cipher">
      <UniqueIdentifier>{0a0b141c-71ed-4a15-a031-9de0f8abe2b6}</UniqueIdentifier>
    </Filter>
    <Filter Include="libsrtp\srtp\crypto\hash">
      <UniqueIdentifier>{8b2f5ac7-df3a-4a32-8fd3-534953b5674a}</UniqueIdentifier>
    </Filter>
    <Filter Include="libsrtp\srtp\crypto\include">
      <UniqueIdentifier>{2315d760-450b-45bc-b0f2-af81edffee4c}</UniqueIdentifier>
    </Filter>
    <Filter Include="libsrtp\srtp\crypto\kernel">
      <UniqueIdentifier>{2c5e7f91-ffaa-4dbb-938e-2d39006424fd}</UniqueIdentifier>
    </Filter>
    <Filter Include="libsrtp\srtp\crypto\math">
      <UniqueIdentifier>{3fdb473e-e5ed-4bb5-a30d-3d0d0d51b78b}</UniqueIdentifier>
    </Filter>
    <Filter Include="libsrtp\srtp\crypto\replay">
      <UniqueIdentifier>{57132154-f27b-4343-9fff-16f87bc8a537}</UniqueIdentifier>
    </Filter>
    <Filter Include="Channel">
      <UniqueIdentifier>{a5744547-b5cb-49bc-9f34-c11209a2e21c}</UniqueIdentifier>
    </Filter>
    <Filter Include="handles">
      <UniqueIdentifier>{f1f8c90d-25b7-4622-bb88-58f827a4800d}</UniqueIdentifier>
    </Filter>
    <Filter Include="PayloadChannel">
      <UniqueIdentifier>{4bc30caf-47ff-4676-b9ff-2ea625291351}</UniqueIdentifier>
    </Filter>
    <Filter Include="NewFilter1">
      <UniqueIdentifier>{05314260-c1d2-476a-ac96-9662bb20b494}</UniqueIdentifier>
    </Filter>
    <Filter Include="RTC">
      <UniqueIdentifier>{ec37481a-bcf4-4bb5-81ac-e94fe2156360}</UniqueIdentifier>
    </Filter>
    <Filter Include="RTC\Codecs">
      <UniqueIdentifier>{2a47b619-161d-4b27-8c41-9b489fc4a26b}</UniqueIdentifier>
    </Filter>
    <Filter Include="RTC\RTCP">
      <UniqueIdentifier>{f1e99254-83e5-4af9-ab51-8ff63f66b42a}</UniqueIdentifier>
    </Filter>
    <Filter Include="RTC\RtpDictionaries">
      <UniqueIdentifier>{18ae9a99-a22b-4b9a-9a5c-4d2971c7c338}</UniqueIdentifier>
    </Filter>
    <Filter Include="RTC\SctpDictionaries">
      <UniqueIdentifier>{c9e19f0b-3632-43d4-9550-57aebcb41d22}</UniqueIdentifier>
    </Filter>
    <Filter Include="Utils">
      <UniqueIdentifier>{a70c8d88-88cf-49c1-b2de-17f51be47d24}</UniqueIdentifier>
    </Filter>
    <Filter Include="nlohmann">
      <UniqueIdentifier>{76cc62f6-18ec-4e83-a09c-c32e5c1323f5}</UniqueIdentifier>
    </Filter>
    <Filter Include="netstring">
      <UniqueIdentifier>{6cf8fb44-6cc7-473e-a3e9-ddb8cbb8334d}</UniqueIdentifier>
    </Filter>
    <Filter Include="netstring\netstring-c">
      <UniqueIdentifier>{bcd8b308-f885-4f18-b51c-6bb37e1a2871}</UniqueIdentifier>
    </Filter>
    <Filter Include="getopt">
      <UniqueIdentifier>{fb309ffe-37cc-469f-9290-92921de59f0b}</UniqueIdentifier>
    </Filter>
  </ItemGroup>
  <ItemGroup>
    <ClCompile Include="cnet_type.cpp">
      <Filter>util</Filter>
    </ClCompile>
    <ClCompile Include="cwebsocket_session.cpp">
      <Filter>websocket</Filter>
    </ClCompile>
    <ClCompile Include="cmedia_server.cpp">
      <Filter>server</Filter>
    </ClCompile>
    <ClCompile Include="cwebsocket_msg_queue.cpp">
      <Filter>websocket</Filter>
    </ClCompile>
    <ClCompile Include="cwebsocket_server_mgr.cpp">
      <Filter>websocket</Filter>
    </ClCompile>
    <ClCompile Include="cwebsocket_msg_reserve.cpp">
      <Filter>websocket</Filter>
    </ClCompile>
    <ClCompile Include="cwan_server.cpp">
      <Filter>server</Filter>
    </ClCompile>
    <ClCompile Include="cwan_session.cpp">
      <Filter>server</Filter>
    </ClCompile>
    <ClCompile Include="ctime_api.cpp">
      <Filter>time</Filter>
    </ClCompile>
    <ClCompile Include="croom.cpp">
      <Filter>room</Filter>
    </ClCompile>
    <ClCompile Include="casync_log.cpp">
      <Filter>log</Filter>
    </ClCompile>
    <ClCompile Include="clog.cpp">
      <Filter>log</Filter>
    </ClCompile>
    <ClCompile Include="clog_color.cpp">
      <Filter>log</Filter>
    </ClCompile>
    <ClCompile Include="cconfig.cpp">
      <Filter>config</Filter>
    </ClCompile>
    <ClCompile Include="cdigit2str.cpp">
      <Filter>util</Filter>
    </ClCompile>
    <ClCompile Include="croom_mgr.cpp">
      <Filter>room</Filter>
    </ClCompile>
    <ClCompile Include="libwebrtc\api\network_state_predictor.cc">
      <Filter>webrtc\api</Filter>
    </ClCompile>
    <ClCompile Include="libwebrtc\api\units\data_rate.cc">
      <Filter>webrtc\api\units</Filter>
    </ClCompile>
    <ClCompile Include="libwebrtc\api\units\data_size.cc">
      <Filter>webrtc\api\units</Filter>
    </ClCompile>
    <ClCompile Include="libwebrtc\api\units\frequency.cc">
      <Filter>webrtc\api\units</Filter>
    </ClCompile>
    <ClCompile Include="libwebrtc\api\units\time_delta.cc">
      <Filter>webrtc\api\units</Filter>
    </ClCompile>
    <ClCompile Include="libwebrtc\api\units\timestamp.cc">
      <Filter>webrtc\api\units</Filter>
    </ClCompile>
    <ClCompile Include="libwebrtc\api\transport\bitrate_settings.cc">
      <Filter>webrtc\api\transport</Filter>
    </ClCompile>
    <ClCompile Include="libwebrtc\api\transport\field_trial_based_config.cc">
      <Filter>webrtc\api\transport</Filter>
    </ClCompile>
    <ClCompile Include="libwebrtc\api\transport\goog_cc_factory.cc">
      <Filter>webrtc\api\transport</Filter>
    </ClCompile>
    <ClCompile Include="libwebrtc\api\transport\network_types.cc">
      <Filter>webrtc\api\transport</Filter>
    </ClCompile>
    <ClCompile Include="libwebrtc\call\rtp_transport_controller_send.cc">
      <Filter>webrtc\call</Filter>
    </ClCompile>
    <ClCompile Include="libwebrtc\modules\bitrate_controller\loss_based_bandwidth_estimation.cc">
      <Filter>webrtc\modules\bitrate_controller</Filter>
    </ClCompile>
    <ClCompile Include="libwebrtc\modules\bitrate_controller\send_side_bandwidth_estimation.cc">
      <Filter>webrtc\modules\bitrate_controller</Filter>
    </ClCompile>
    <ClCompile Include="libwebrtc\modules\congestion_controller\goog_cc\acknowledged_bitrate_estimator.cc">
      <Filter>webrtc\modules\congestion_controller\goog_cc</Filter>
    </ClCompile>
    <ClCompile Include="libwebrtc\modules\congestion_controller\goog_cc\alr_detector.cc">
      <Filter>webrtc\modules\congestion_controller\goog_cc</Filter>
    </ClCompile>
    <ClCompile Include="libwebrtc\modules\congestion_controller\goog_cc\bitrate_estimator.cc">
      <Filter>webrtc\modules\congestion_controller\goog_cc</Filter>
    </ClCompile>
    <ClCompile Include="libwebrtc\modules\congestion_controller\goog_cc\congestion_window_pushback_controller.cc">
      <Filter>webrtc\modules\congestion_controller\goog_cc</Filter>
    </ClCompile>
    <ClCompile Include="libwebrtc\modules\congestion_controller\goog_cc\delay_based_bwe.cc">
      <Filter>webrtc\modules\congestion_controller\goog_cc</Filter>
    </ClCompile>
    <ClCompile Include="libwebrtc\modules\congestion_controller\goog_cc\goog_cc_network_control.cc">
      <Filter>webrtc\modules\congestion_controller\goog_cc</Filter>
    </ClCompile>
    <ClCompile Include="libwebrtc\modules\congestion_controller\goog_cc\link_capacity_estimator.cc">
      <Filter>webrtc\modules\congestion_controller\goog_cc</Filter>
    </ClCompile>
    <ClCompile Include="libwebrtc\modules\congestion_controller\goog_cc\median_slope_estimator.cc">
      <Filter>webrtc\modules\congestion_controller\goog_cc</Filter>
    </ClCompile>
    <ClCompile Include="libwebrtc\modules\congestion_controller\goog_cc\probe_bitrate_estimator.cc">
      <Filter>webrtc\modules\congestion_controller\goog_cc</Filter>
    </ClCompile>
    <ClCompile Include="libwebrtc\modules\congestion_controller\goog_cc\probe_controller.cc">
      <Filter>webrtc\modules\congestion_controller\goog_cc</Filter>
    </ClCompile>
    <ClCompile Include="libwebrtc\modules\congestion_controller\goog_cc\trendline_estimator.cc">
      <Filter>webrtc\modules\congestion_controller\goog_cc</Filter>
    </ClCompile>
    <ClCompile Include="libwebrtc\modules\congestion_controller\rtp\control_handler.cc">
      <Filter>webrtc\modules\congestion_controller\rtp</Filter>
    </ClCompile>
    <ClCompile Include="libwebrtc\modules\congestion_controller\rtp\send_time_history.cc">
      <Filter>webrtc\modules\congestion_controller\rtp</Filter>
    </ClCompile>
    <ClCompile Include="libwebrtc\modules\congestion_controller\rtp\transport_feedback_adapter.cc">
      <Filter>webrtc\modules\congestion_controller\rtp</Filter>
    </ClCompile>
    <ClCompile Include="libwebrtc\modules\pacing\bitrate_prober.cc">
      <Filter>webrtc\modules\pacing</Filter>
    </ClCompile>
    <ClCompile Include="libwebrtc\modules\pacing\interval_budget.cc">
      <Filter>webrtc\modules\pacing</Filter>
    </ClCompile>
    <ClCompile Include="libwebrtc\modules\pacing\paced_sender.cc">
      <Filter>webrtc\modules\pacing</Filter>
    </ClCompile>
    <ClCompile Include="libwebrtc\modules\remote_bitrate_estimator\aimd_rate_control.cc">
      <Filter>webrtc\modules\remote_bitrate_estimator</Filter>
    </ClCompile>
    <ClCompile Include="libwebrtc\modules\remote_bitrate_estimator\bwe_defines.cc">
      <Filter>webrtc\modules\remote_bitrate_estimator</Filter>
    </ClCompile>
    <ClCompile Include="libwebrtc\modules\remote_bitrate_estimator\inter_arrival.cc">
      <Filter>webrtc\modules\remote_bitrate_estimator</Filter>
    </ClCompile>
    <ClCompile Include="libwebrtc\modules\remote_bitrate_estimator\overuse_detector.cc">
      <Filter>webrtc\modules\remote_bitrate_estimator</Filter>
    </ClCompile>
    <ClCompile Include="libwebrtc\modules\remote_bitrate_estimator\overuse_estimator.cc">
      <Filter>webrtc\modules\remote_bitrate_estimator</Filter>
    </ClCompile>
    <ClCompile Include="libwebrtc\modules\remote_bitrate_estimator\remote_bitrate_estimator_abs_send_time.cc">
      <Filter>webrtc\modules\remote_bitrate_estimator</Filter>
    </ClCompile>
    <ClCompile Include="libwebrtc\modules\rtp_rtcp\include\rtp_rtcp_defines.cc">
      <Filter>webrtc\modules\rtp_rtcp\include</Filter>
    </ClCompile>
    <ClCompile Include="libwebrtc\system_wrappers\source\field_trial.cc">
      <Filter>webrtc\system_wrappers\source</Filter>
    </ClCompile>
    <ClCompile Include="libwebrtc\rtc_base\rate_statistics.cc">
      <Filter>webrtc\rtc_base</Filter>
    </ClCompile>
    <ClCompile Include="libwebrtc\rtc_base\experiments\alr_experiment.cc">
      <Filter>webrtc\rtc_base\experiments</Filter>
    </ClCompile>
    <ClCompile Include="libwebrtc\rtc_base\experiments\field_trial_parser.cc">
      <Filter>webrtc\rtc_base\experiments</Filter>
    </ClCompile>
    <ClCompile Include="libwebrtc\rtc_base\experiments\field_trial_units.cc">
      <Filter>webrtc\rtc_base\experiments</Filter>
    </ClCompile>
    <ClCompile Include="libwebrtc\rtc_base\experiments\rate_control_settings.cc">
      <Filter>webrtc\rtc_base\experiments</Filter>
    </ClCompile>
    <ClCompile Include="libwebrtc\rtc_base\network\sent_packet.cc">
      <Filter>webrtc\rtc_base\network</Filter>
    </ClCompile>
    <ClCompile Include="main.cpp" />
    <ClCompile Include="cuv_util.cpp">
      <Filter>uv_util</Filter>
    </ClCompile>
    <ClCompile Include="ccrypto_random.cpp">
      <Filter>util</Filter>
    </ClCompile>
    <ClCompile Include="cuv_ip.cpp">
      <Filter>uv_util</Filter>
    </ClCompile>
    <ClCompile Include="cmsg_dispatch.cpp">
      <Filter>dispatch</Filter>
    </ClCompile>
    <ClCompile Include="crtc_sdp.cpp">
      <Filter>rtc_sdp</Filter>
    </ClCompile>
    <ClCompile Include="crtc_sdp_util.cpp">
      <Filter>rtc_sdp</Filter>
    </ClCompile>
    <ClCompile Include="ccfg.cpp">
      <Filter>config</Filter>
    </ClCompile>
    <ClCompile Include="crtc_sdp_handler.cpp">
      <Filter>rtc_sdp</Filter>
    </ClCompile>
    <ClCompile Include="cclient_msg_dispatch.cpp">
      <Filter>dispatch</Filter>
    </ClCompile>
    <ClCompile Include="cwan_handler.cpp">
      <Filter>handler</Filter>
    </ClCompile>
    <ClCompile Include="cguard_reply.cpp">
      <Filter>util</Filter>
    </ClCompile>
    <ClCompile Include="h264_profile_level_id.cc">
      <Filter>codec</Filter>
    </ClCompile>
    <ClCompile Include="crandom.cpp">
      <Filter>util</Filter>
    </ClCompile>
    <ClCompile Include="cmedia_desc.cpp">
      <Filter>rtc_sdp</Filter>
    </ClCompile>
    <ClCompile Include="crtc_sdp_test.cpp">
      <Filter>rtc_sdp</Filter>
    </ClCompile>
    <ClCompile Include="csocket_util.cpp">
      <Filter>net</Filter>
    </ClCompile>
    <ClCompile Include="cip_address.cpp">
      <Filter>net</Filter>
    </ClCompile>
    <ClCompile Include="cwin32.cpp">
      <Filter>net</Filter>
    </ClCompile>
    <ClCompile Include="cnetwork.cpp">
      <Filter>net</Filter>
    </ClCompile>
    <ClCompile Include="cnet_adapter_test.cpp">
      <Filter>net</Filter>
    </ClCompile>
    <ClCompile Include="capi_rtc_player.cpp">
      <Filter>api_rtc</Filter>
    </ClCompile>
    <ClCompile Include="crtc_track_description.cpp">
      <Filter>media</Filter>
    </ClCompile>
    <ClCompile Include="ccodec_payload.cpp">
      <Filter>media</Filter>
    </ClCompile>
    <ClCompile Include="cvideo_payload.cpp">
      <Filter>media</Filter>
    </ClCompile>
    <ClCompile Include="caudio_payload.cpp">
      <Filter>media</Filter>
    </ClCompile>
    <ClCompile Include="cred_payload.cpp">
      <Filter>media</Filter>
    </ClCompile>
    <ClCompile Include="crtx_paylod_des.cpp">
      <Filter>media</Filter>
    </ClCompile>
    <ClCompile Include="crtc_source_description.cpp">
      <Filter>media</Filter>
    </ClCompile>
    <ClCompile Include="crtc_ssrc_generator.cpp">
      <Filter>media</Filter>
    </ClCompile>
    <ClCompile Include="crtc_constants.cpp">
      <Filter>rtc_constants</Filter>
    </ClCompile>
    <ClCompile Include="cifaddrs_converter.cc">
      <Filter>net</Filter>
    </ClCompile>
    <ClCompile Include="cifaddrs_android.cc">
      <Filter>net</Filter>
    </ClCompile>
    <ClCompile Include="cstr2digit.cpp">
      <Filter>util</Filter>
    </ClCompile>
    <ClCompile Include="cbuffer.cpp">
      <Filter>buffer</Filter>
    </ClCompile>
    <ClCompile Include="ccrc32.cpp">
      <Filter>crc</Filter>
    </ClCompile>
    <ClCompile Include="csdp_util.cpp">
      <Filter>rtc_sdp</Filter>
    </ClCompile>
    <ClCompile Include="cglobal_config.cpp">
      <Filter>global_config</Filter>
    </ClCompile>
    <ClCompile Include="cencoder.cpp">
      <Filter>codec</Filter>
    </ClCompile>
    <ClCompile Include="cglobal_rtc_config.cpp">
      <Filter>rtc_config</Filter>
    </ClCompile>
    <ClCompile Include="cglobal_rtc_port.cpp">
      <Filter>global_config</Filter>
    </ClCompile>
    <ClCompile Include="cbuffer_reader.cpp">
      <Filter>buffer</Filter>
    </ClCompile>
    <ClCompile Include="cmedia_source.cpp">
      <Filter>media</Filter>
    </ClCompile>
    <ClCompile Include="cvcm_packet.cpp">
      <Filter>video_coding</Filter>
    </ClCompile>
    <ClCompile Include="crtp_video_header.cpp">
      <Filter>rtp_video_header</Filter>
    </ClCompile>
    <ClCompile Include="cpacket_buffer.cpp">
      <Filter>video_coding</Filter>
    </ClCompile>
    <ClCompile Include="cmod_ops.cpp">
      <Filter>util</Filter>
    </ClCompile>
    <ClCompile Include="cvcm_encoded_frame.cpp">
      <Filter>video_coding</Filter>
    </ClCompile>
    <ClCompile Include="cbyte_buffer.cpp">
      <Filter>buffer</Filter>
    </ClCompile>
    <ClCompile Include="cdav1d_decoder.cpp">
      <Filter>video_coding\av1</Filter>
    </ClCompile>
    <ClCompile Include="cvideo_renderer.cpp">
      <Filter>video_render</Filter>
    </ClCompile>
    <ClCompile Include="cnet_session.cpp">
      <Filter>rtc_net</Filter>
    </ClCompile>
    <ClCompile Include="crtc_udp_socket.cpp">
      <Filter>rtc_net</Filter>
    </ClCompile>
    <ClCompile Include="crtc_udp_socket_handler.cpp">
      <Filter>rtc_net</Filter>
    </ClCompile>
    <ClCompile Include="usrsctp\usrsctplib\user_environment.c">
      <Filter>usrsctp\usrsctplib</Filter>
    </ClCompile>
    <ClCompile Include="usrsctp\usrsctplib\user_mbuf.c">
      <Filter>usrsctp\usrsctplib</Filter>
    </ClCompile>
    <ClCompile Include="usrsctp\usrsctplib\user_recv_thread.c">
      <Filter>usrsctp\usrsctplib</Filter>
    </ClCompile>
    <ClCompile Include="usrsctp\usrsctplib\user_socket.c">
      <Filter>usrsctp\usrsctplib</Filter>
    </ClCompile>
    <ClCompile Include="usrsctp\usrsctplib\netinet6\sctp6_usrreq.c">
      <Filter>usrsctp\usrsctplib\netinet6</Filter>
    </ClCompile>
    <ClCompile Include="usrsctp\usrsctplib\netinet\sctp_asconf.c">
      <Filter>usrsctp\usrsctplib\netinet</Filter>
    </ClCompile>
    <ClCompile Include="usrsctp\usrsctplib\netinet\sctp_auth.c">
      <Filter>usrsctp\usrsctplib\netinet</Filter>
    </ClCompile>
    <ClCompile Include="usrsctp\usrsctplib\netinet\sctp_bsd_addr.c">
      <Filter>usrsctp\usrsctplib\netinet</Filter>
    </ClCompile>
    <ClCompile Include="usrsctp\usrsctplib\netinet\sctp_callout.c">
      <Filter>usrsctp\usrsctplib\netinet</Filter>
    </ClCompile>
    <ClCompile Include="usrsctp\usrsctplib\netinet\sctp_cc_functions.c">
      <Filter>usrsctp\usrsctplib\netinet</Filter>
    </ClCompile>
    <ClCompile Include="usrsctp\usrsctplib\netinet\sctp_crc32.c">
      <Filter>usrsctp\usrsctplib\netinet</Filter>
    </ClCompile>
    <ClCompile Include="usrsctp\usrsctplib\netinet\sctp_indata.c">
      <Filter>usrsctp\usrsctplib\netinet</Filter>
    </ClCompile>
    <ClCompile Include="usrsctp\usrsctplib\netinet\sctp_input.c">
      <Filter>usrsctp\usrsctplib\netinet</Filter>
    </ClCompile>
    <ClCompile Include="usrsctp\usrsctplib\netinet\sctp_output.c">
      <Filter>usrsctp\usrsctplib\netinet</Filter>
    </ClCompile>
    <ClCompile Include="usrsctp\usrsctplib\netinet\sctp_pcb.c">
      <Filter>usrsctp\usrsctplib\netinet</Filter>
    </ClCompile>
    <ClCompile Include="usrsctp\usrsctplib\netinet\sctp_peeloff.c">
      <Filter>usrsctp\usrsctplib\netinet</Filter>
    </ClCompile>
    <ClCompile Include="usrsctp\usrsctplib\netinet\sctp_sha1.c">
      <Filter>usrsctp\usrsctplib\netinet</Filter>
    </ClCompile>
    <ClCompile Include="usrsctp\usrsctplib\netinet\sctp_ss_functions.c">
      <Filter>usrsctp\usrsctplib\netinet</Filter>
    </ClCompile>
    <ClCompile Include="usrsctp\usrsctplib\netinet\sctp_sysctl.c">
      <Filter>usrsctp\usrsctplib\netinet</Filter>
    </ClCompile>
    <ClCompile Include="usrsctp\usrsctplib\netinet\sctp_timer.c">
      <Filter>usrsctp\usrsctplib\netinet</Filter>
    </ClCompile>
    <ClCompile Include="usrsctp\usrsctplib\netinet\sctp_userspace.c">
      <Filter>usrsctp\usrsctplib\netinet</Filter>
    </ClCompile>
    <ClCompile Include="usrsctp\usrsctplib\netinet\sctp_usrreq.c">
      <Filter>usrsctp\usrsctplib\netinet</Filter>
    </ClCompile>
    <ClCompile Include="usrsctp\usrsctplib\netinet\sctputil.c">
      <Filter>usrsctp\usrsctplib\netinet</Filter>
    </ClCompile>
    <ClCompile Include="libsrtp\srtp\srtp\ekt.c">
      <Filter>libsrtp\srtp\srtp</Filter>
    </ClCompile>
    <ClCompile Include="libsrtp\srtp\srtp\srtp.c">
      <Filter>libsrtp\srtp\srtp</Filter>
    </ClCompile>
    <ClCompile Include="libsrtp\srtp\crypto\cipher\aes.c">
      <Filter>libsrtp\srtp\crypto\cipher</Filter>
    </ClCompile>
    <ClCompile Include="libsrtp\srtp\crypto\cipher\aes_gcm_ossl.c">
      <Filter>libsrtp\srtp\crypto\cipher</Filter>
    </ClCompile>
    <ClCompile Include="libsrtp\srtp\crypto\cipher\aes_icm_ossl.c">
      <Filter>libsrtp\srtp\crypto\cipher</Filter>
    </ClCompile>
    <ClCompile Include="libsrtp\srtp\crypto\cipher\cipher.c">
      <Filter>libsrtp\srtp\crypto\cipher</Filter>
    </ClCompile>
    <ClCompile Include="libsrtp\srtp\crypto\cipher\null_cipher.c">
      <Filter>libsrtp\srtp\crypto\cipher</Filter>
    </ClCompile>
    <ClCompile Include="libsrtp\srtp\crypto\hash\auth.c">
      <Filter>libsrtp\srtp\crypto\hash</Filter>
    </ClCompile>
    <ClCompile Include="libsrtp\srtp\crypto\hash\hmac_ossl.c">
      <Filter>libsrtp\srtp\crypto\hash</Filter>
    </ClCompile>
    <ClCompile Include="libsrtp\srtp\crypto\hash\null_auth.c">
      <Filter>libsrtp\srtp\crypto\hash</Filter>
    </ClCompile>
    <ClCompile Include="libsrtp\srtp\crypto\kernel\alloc.c">
      <Filter>libsrtp\srtp\crypto\kernel</Filter>
    </ClCompile>
    <ClCompile Include="libsrtp\srtp\crypto\kernel\crypto_kernel.c">
      <Filter>libsrtp\srtp\crypto\kernel</Filter>
    </ClCompile>
    <ClCompile Include="libsrtp\srtp\crypto\kernel\err.c">
      <Filter>libsrtp\srtp\crypto\kernel</Filter>
    </ClCompile>
    <ClCompile Include="libsrtp\srtp\crypto\kernel\key.c">
      <Filter>libsrtp\srtp\crypto\kernel</Filter>
    </ClCompile>
    <ClCompile Include="libsrtp\srtp\crypto\math\datatypes.c">
      <Filter>libsrtp\srtp\crypto\math</Filter>
    </ClCompile>
    <ClCompile Include="libsrtp\srtp\crypto\math\stat.c">
      <Filter>libsrtp\srtp\crypto\math</Filter>
    </ClCompile>
    <ClCompile Include="libsrtp\srtp\crypto\replay\rdb.c">
      <Filter>libsrtp\srtp\crypto\replay</Filter>
    </ClCompile>
    <ClCompile Include="libsrtp\srtp\crypto\replay\rdbx.c">
      <Filter>libsrtp\srtp\crypto\replay</Filter>
    </ClCompile>
    <ClCompile Include="libsrtp\srtp\crypto\replay\ut_sim.c">
      <Filter>libsrtp\srtp\crypto\replay</Filter>
    </ClCompile>
    <ClCompile Include="Channel\ChannelNotifier.cpp">
      <Filter>Channel</Filter>
    </ClCompile>
    <ClCompile Include="Channel\ChannelRequest.cpp">
      <Filter>Channel</Filter>
    </ClCompile>
    <ClCompile Include="Channel\ChannelSocket.cpp">
      <Filter>Channel</Filter>
    </ClCompile>
    <ClCompile Include="handles\SignalsHandler.cpp">
      <Filter>handles</Filter>
    </ClCompile>
    <ClCompile Include="handles\TcpConnectionHandler.cpp">
      <Filter>handles</Filter>
    </ClCompile>
    <ClCompile Include="handles\TcpServerHandler.cpp">
      <Filter>handles</Filter>
    </ClCompile>
    <ClCompile Include="handles\Timer.cpp">
      <Filter>handles</Filter>
    </ClCompile>
    <ClCompile Include="handles\UdpSocketHandler.cpp">
      <Filter>handles</Filter>
    </ClCompile>
    <ClCompile Include="handles\UnixStreamSocket.cpp">
      <Filter>handles</Filter>
    </ClCompile>
    <ClCompile Include="PayloadChannel\Notification.cpp">
      <Filter>PayloadChannel</Filter>
    </ClCompile>
    <ClCompile Include="PayloadChannel\PayloadChannelNotifier.cpp">
      <Filter>PayloadChannel</Filter>
    </ClCompile>
    <ClCompile Include="PayloadChannel\PayloadChannelRequest.cpp">
      <Filter>PayloadChannel</Filter>
    </ClCompile>
    <ClCompile Include="PayloadChannel\PayloadChannelSocket.cpp">
      <Filter>PayloadChannel</Filter>
    </ClCompile>
    <ClCompile Include="RTC\ActiveSpeakerObserver.cpp">
      <Filter>RTC</Filter>
    </ClCompile>
    <ClCompile Include="RTC\AudioLevelObserver.cpp">
      <Filter>RTC</Filter>
    </ClCompile>
    <ClCompile Include="RTC\Consumer.cpp">
      <Filter>RTC</Filter>
    </ClCompile>
    <ClCompile Include="RTC\DataConsumer.cpp">
      <Filter>RTC</Filter>
    </ClCompile>
    <ClCompile Include="RTC\DataProducer.cpp">
      <Filter>RTC</Filter>
    </ClCompile>
    <ClCompile Include="RTC\DirectTransport.cpp">
      <Filter>RTC</Filter>
    </ClCompile>
    <ClCompile Include="RTC\DtlsTransport.cpp">
      <Filter>RTC</Filter>
    </ClCompile>
    <ClCompile Include="RTC\IceCandidate.cpp">
      <Filter>RTC</Filter>
    </ClCompile>
    <ClCompile Include="RTC\IceServer.cpp">
      <Filter>RTC</Filter>
    </ClCompile>
    <ClCompile Include="RTC\KeyFrameRequestManager.cpp">
      <Filter>RTC</Filter>
    </ClCompile>
    <ClCompile Include="RTC\NackGenerator.cpp">
      <Filter>RTC</Filter>
    </ClCompile>
    <ClCompile Include="RTC\PipeConsumer.cpp">
      <Filter>RTC</Filter>
    </ClCompile>
    <ClCompile Include="RTC\PipeTransport.cpp">
      <Filter>RTC</Filter>
    </ClCompile>
    <ClCompile Include="RTC\PlainTransport.cpp">
      <Filter>RTC</Filter>
    </ClCompile>
    <ClCompile Include="RTC\PortManager.cpp">
      <Filter>RTC</Filter>
    </ClCompile>
    <ClCompile Include="RTC\Producer.cpp">
      <Filter>RTC</Filter>
    </ClCompile>
    <ClCompile Include="RTC\RateCalculator.cpp">
      <Filter>RTC</Filter>
    </ClCompile>
    <ClCompile Include="RTC\Router.cpp">
      <Filter>RTC</Filter>
    </ClCompile>
    <ClCompile Include="RTC\RtpListener.cpp">
      <Filter>RTC</Filter>
    </ClCompile>
    <ClCompile Include="RTC\RtpObserver.cpp">
      <Filter>RTC</Filter>
    </ClCompile>
    <ClCompile Include="RTC\RtpPacket.cpp">
      <Filter>RTC</Filter>
    </ClCompile>
    <ClCompile Include="RTC\RtpProbationGenerator.cpp">
      <Filter>RTC</Filter>
    </ClCompile>
    <ClCompile Include="RTC\RtpStream.cpp">
      <Filter>RTC</Filter>
    </ClCompile>
    <ClCompile Include="RTC\RtpStreamRecv.cpp">
      <Filter>RTC</Filter>
    </ClCompile>
    <ClCompile Include="RTC\RtpStreamSend.cpp">
      <Filter>RTC</Filter>
    </ClCompile>
    <ClCompile Include="RTC\RtxStream.cpp">
      <Filter>RTC</Filter>
    </ClCompile>
    <ClCompile Include="RTC\SctpAssociation.cpp">
      <Filter>RTC</Filter>
    </ClCompile>
    <ClCompile Include="RTC\SctpListener.cpp">
      <Filter>RTC</Filter>
    </ClCompile>
    <ClCompile Include="RTC\SenderBandwidthEstimator.cpp">
      <Filter>RTC</Filter>
    </ClCompile>
    <ClCompile Include="RTC\SeqManager.cpp">
      <Filter>RTC</Filter>
    </ClCompile>
    <ClCompile Include="RTC\SimpleConsumer.cpp">
      <Filter>RTC</Filter>
    </ClCompile>
    <ClCompile Include="RTC\SimulcastConsumer.cpp">
      <Filter>RTC</Filter>
    </ClCompile>
    <ClCompile Include="RTC\SrtpSession.cpp">
      <Filter>RTC</Filter>
    </ClCompile>
    <ClCompile Include="RTC\StunPacket.cpp">
      <Filter>RTC</Filter>
    </ClCompile>
    <ClCompile Include="RTC\SvcConsumer.cpp">
      <Filter>RTC</Filter>
    </ClCompile>
    <ClCompile Include="RTC\TcpConnection.cpp">
      <Filter>RTC</Filter>
    </ClCompile>
    <ClCompile Include="RTC\TcpServer.cpp">
      <Filter>RTC</Filter>
    </ClCompile>
    <ClCompile Include="RTC\Transport.cpp">
      <Filter>RTC</Filter>
    </ClCompile>
    <ClCompile Include="RTC\TransportCongestionControlClient.cpp">
      <Filter>RTC</Filter>
    </ClCompile>
    <ClCompile Include="RTC\TransportCongestionControlServer.cpp">
      <Filter>RTC</Filter>
    </ClCompile>
    <ClCompile Include="RTC\TransportTuple.cpp">
      <Filter>RTC</Filter>
    </ClCompile>
    <ClCompile Include="RTC\TrendCalculator.cpp">
      <Filter>RTC</Filter>
    </ClCompile>
    <ClCompile Include="RTC\UdpSocket.cpp">
      <Filter>RTC</Filter>
    </ClCompile>
    <ClCompile Include="RTC\WebRtcTransport.cpp">
      <Filter>RTC</Filter>
    </ClCompile>
    <ClCompile Include="RTC\Codecs\H264.cpp">
      <Filter>RTC\Codecs</Filter>
    </ClCompile>
    <ClCompile Include="RTC\Codecs\VP8.cpp">
      <Filter>RTC\Codecs</Filter>
    </ClCompile>
    <ClCompile Include="RTC\Codecs\VP9.cpp">
      <Filter>RTC\Codecs</Filter>
    </ClCompile>
    <ClCompile Include="RTC\RTCP\Bye.cpp">
      <Filter>RTC\RTCP</Filter>
    </ClCompile>
    <ClCompile Include="RTC\RTCP\CompoundPacket.cpp">
      <Filter>RTC\RTCP</Filter>
    </ClCompile>
    <ClCompile Include="RTC\RTCP\Feedback.cpp">
      <Filter>RTC\RTCP</Filter>
    </ClCompile>
    <ClCompile Include="RTC\RTCP\FeedbackPs.cpp">
      <Filter>RTC\RTCP</Filter>
    </ClCompile>
    <ClCompile Include="RTC\RTCP\FeedbackPsAfb.cpp">
      <Filter>RTC\RTCP</Filter>
    </ClCompile>
    <ClCompile Include="RTC\RTCP\FeedbackPsFir.cpp">
      <Filter>RTC\RTCP</Filter>
    </ClCompile>
    <ClCompile Include="RTC\RTCP\FeedbackPsLei.cpp">
      <Filter>RTC\RTCP</Filter>
    </ClCompile>
    <ClCompile Include="RTC\RTCP\FeedbackPsPli.cpp">
      <Filter>RTC\RTCP</Filter>
    </ClCompile>
    <ClCompile Include="RTC\RTCP\FeedbackPsRemb.cpp">
      <Filter>RTC\RTCP</Filter>
    </ClCompile>
    <ClCompile Include="RTC\RTCP\FeedbackPsRpsi.cpp">
      <Filter>RTC\RTCP</Filter>
    </ClCompile>
    <ClCompile Include="RTC\RTCP\FeedbackPsSli.cpp">
      <Filter>RTC\RTCP</Filter>
    </ClCompile>
    <ClCompile Include="RTC\RTCP\FeedbackPsTst.cpp">
      <Filter>RTC\RTCP</Filter>
    </ClCompile>
    <ClCompile Include="RTC\RTCP\FeedbackPsVbcm.cpp">
      <Filter>RTC\RTCP</Filter>
    </ClCompile>
    <ClCompile Include="RTC\RTCP\FeedbackRtp.cpp">
      <Filter>RTC\RTCP</Filter>
    </ClCompile>
    <ClCompile Include="RTC\RTCP\FeedbackRtpEcn.cpp">
      <Filter>RTC\RTCP</Filter>
    </ClCompile>
    <ClCompile Include="RTC\RTCP\FeedbackRtpNack.cpp">
      <Filter>RTC\RTCP</Filter>
    </ClCompile>
    <ClCompile Include="RTC\RTCP\FeedbackRtpSrReq.cpp">
      <Filter>RTC\RTCP</Filter>
    </ClCompile>
    <ClCompile Include="RTC\RTCP\FeedbackRtpTllei.cpp">
      <Filter>RTC\RTCP</Filter>
    </ClCompile>
    <ClCompile Include="RTC\RTCP\FeedbackRtpTmmb.cpp">
      <Filter>RTC\RTCP</Filter>
    </ClCompile>
    <ClCompile Include="RTC\RTCP\FeedbackRtpTransport.cpp">
      <Filter>RTC\RTCP</Filter>
    </ClCompile>
    <ClCompile Include="RTC\RTCP\Packet.cpp">
      <Filter>RTC\RTCP</Filter>
    </ClCompile>
    <ClCompile Include="RTC\RTCP\ReceiverReport.cpp">
      <Filter>RTC\RTCP</Filter>
    </ClCompile>
    <ClCompile Include="RTC\RTCP\Sdes.cpp">
      <Filter>RTC\RTCP</Filter>
    </ClCompile>
    <ClCompile Include="RTC\RTCP\SenderReport.cpp">
      <Filter>RTC\RTCP</Filter>
    </ClCompile>
    <ClCompile Include="RTC\RTCP\XR.cpp">
      <Filter>RTC\RTCP</Filter>
    </ClCompile>
    <ClCompile Include="RTC\RTCP\XrDelaySinceLastRr.cpp">
      <Filter>RTC\RTCP</Filter>
    </ClCompile>
    <ClCompile Include="RTC\RTCP\XrReceiverReferenceTime.cpp">
      <Filter>RTC\RTCP</Filter>
    </ClCompile>
    <ClCompile Include="RTC\RtpDictionaries\Media.cpp">
      <Filter>RTC\RtpDictionaries</Filter>
    </ClCompile>
    <ClCompile Include="RTC\RtpDictionaries\Parameters.cpp">
      <Filter>RTC\RtpDictionaries</Filter>
    </ClCompile>
    <ClCompile Include="RTC\RtpDictionaries\RtcpFeedback.cpp">
      <Filter>RTC\RtpDictionaries</Filter>
    </ClCompile>
    <ClCompile Include="RTC\RtpDictionaries\RtcpParameters.cpp">
      <Filter>RTC\RtpDictionaries</Filter>
    </ClCompile>
    <ClCompile Include="RTC\RtpDictionaries\RtpCodecMimeType.cpp">
      <Filter>RTC\RtpDictionaries</Filter>
    </ClCompile>
    <ClCompile Include="RTC\RtpDictionaries\RtpCodecParameters.cpp">
      <Filter>RTC\RtpDictionaries</Filter>
    </ClCompile>
    <ClCompile Include="RTC\RtpDictionaries\RtpEncodingParameters.cpp">
      <Filter>RTC\RtpDictionaries</Filter>
    </ClCompile>
    <ClCompile Include="RTC\RtpDictionaries\RtpHeaderExtensionParameters.cpp">
      <Filter>RTC\RtpDictionaries</Filter>
    </ClCompile>
    <ClCompile Include="RTC\RtpDictionaries\RtpHeaderExtensionUri.cpp">
      <Filter>RTC\RtpDictionaries</Filter>
    </ClCompile>
    <ClCompile Include="RTC\RtpDictionaries\RtpParameters.cpp">
      <Filter>RTC\RtpDictionaries</Filter>
    </ClCompile>
    <ClCompile Include="RTC\RtpDictionaries\RtpRtxParameters.cpp">
      <Filter>RTC\RtpDictionaries</Filter>
    </ClCompile>
    <ClCompile Include="RTC\SctpDictionaries\SctpStreamParameters.cpp">
      <Filter>RTC\SctpDictionaries</Filter>
    </ClCompile>
    <ClCompile Include="Utils\Crypto.cpp">
      <Filter>Utils</Filter>
    </ClCompile>
    <ClCompile Include="Utils\File.cpp">
      <Filter>Utils</Filter>
    </ClCompile>
    <ClCompile Include="Utils\IP.cpp">
      <Filter>Utils</Filter>
    </ClCompile>
    <ClCompile Include="Utils\String.cpp">
      <Filter>Utils</Filter>
    </ClCompile>
    <ClCompile Include="DepLibSRTP.cpp" />
    <ClCompile Include="DepLibUV.cpp" />
    <ClCompile Include="DepLibWebRTC.cpp" />
    <ClCompile Include="DepOpenSSL.cpp" />
    <ClCompile Include="DepUsrSCTP.cpp" />
    <ClCompile Include="lib.cpp" />
    <ClCompile Include="Logger.cpp" />
    <ClCompile Include="media_main.cpp" />
    <ClCompile Include="MediaSoupErrors.cpp" />
    <ClCompile Include="Settings.cpp" />
    <ClCompile Include="Worker.cpp" />
    <ClCompile Include="netstring\netstring-c\netstring.c">
      <Filter>netstring\netstring-c</Filter>
    </ClCompile>
    <ClCompile Include="getopt\getopt.c">
      <Filter>getopt</Filter>
    </ClCompile>
    <ClCompile Include="capi_rtc_publish.cpp">
      <Filter>api_rtc</Filter>
    </ClCompile>
  </ItemGroup>
  <ItemGroup>
    <ClInclude Include="cnet_type.h">
      <Filter>util</Filter>
    </ClInclude>
    <ClInclude Include="cnoncopyable.h">
      <Filter>util</Filter>
    </ClInclude>
    <ClInclude Include="csingleton.h">
      <Filter>util</Filter>
    </ClInclude>
    <ClInclude Include="cnet_define.h">
      <Filter>util</Filter>
    </ClInclude>
    <ClInclude Include="cwebsocket_session.h">
      <Filter>websocket</Filter>
    </ClInclude>
    <ClInclude Include="cmedia_server.h">
      <Filter>server</Filter>
    </ClInclude>
    <ClInclude Include="cwebsocket_msg_queue.h">
      <Filter>websocket</Filter>
    </ClInclude>
    <ClInclude Include="cwebsocket_server_mgr.h">
      <Filter>websocket</Filter>
    </ClInclude>
    <ClInclude Include="cwebsocket_msg_reserve.h">
      <Filter>websocket</Filter>
    </ClInclude>
    <ClInclude Include="cwan_server.h">
      <Filter>server</Filter>
    </ClInclude>
    <ClInclude Include="cwan_session.h">
      <Filter>server</Filter>
    </ClInclude>
    <ClInclude Include="ctime_api.h">
      <Filter>time</Filter>
    </ClInclude>
    <ClInclude Include="ctime_const.h">
      <Filter>time</Filter>
    </ClInclude>
    <ClInclude Include="ctime_elapse.h">
      <Filter>time</Filter>
    </ClInclude>
    <ClInclude Include="croom.h">
      <Filter>room</Filter>
    </ClInclude>
    <ClInclude Include="casync_log.h">
      <Filter>log</Filter>
    </ClInclude>
    <ClInclude Include="clog_color.h">
      <Filter>log</Filter>
    </ClInclude>
    <ClInclude Include="cconfig.h">
      <Filter>config</Filter>
    </ClInclude>
    <ClInclude Include="cdigit2str.h">
      <Filter>util</Filter>
    </ClInclude>
    <ClInclude Include="clog.h">
      <Filter>log</Filter>
    </ClInclude>
    <ClInclude Include="clog_define.h">
      <Filter>log</Filter>
    </ClInclude>
    <ClInclude Include="croom_mgr.h">
      <Filter>room</Filter>
    </ClInclude>
    <ClInclude Include="libwebrtc\media_helpers.h">
      <Filter>webrtc</Filter>
    </ClInclude>
    <ClInclude Include="libwebrtc\api\bitrate_constraints.h">
      <Filter>webrtc\api</Filter>
    </ClInclude>
    <ClInclude Include="libwebrtc\api\network_state_predictor.h">
      <Filter>webrtc\api</Filter>
    </ClInclude>
    <ClInclude Include="libwebrtc\api\units\data_rate.h">
      <Filter>webrtc\api\units</Filter>
    </ClInclude>
    <ClInclude Include="libwebrtc\api\units\data_size.h">
      <Filter>webrtc\api\units</Filter>
    </ClInclude>
    <ClInclude Include="libwebrtc\api\units\frequency.h">
      <Filter>webrtc\api\units</Filter>
    </ClInclude>
    <ClInclude Include="libwebrtc\api\units\time_delta.h">
      <Filter>webrtc\api\units</Filter>
    </ClInclude>
    <ClInclude Include="libwebrtc\api\units\timestamp.h">
      <Filter>webrtc\api\units</Filter>
    </ClInclude>
    <ClInclude Include="libwebrtc\api\transport\bitrate_settings.h">
      <Filter>webrtc\api\transport</Filter>
    </ClInclude>
    <ClInclude Include="libwebrtc\api\transport\field_trial_based_config.h">
      <Filter>webrtc\api\transport</Filter>
    </ClInclude>
    <ClInclude Include="libwebrtc\api\transport\goog_cc_factory.h">
      <Filter>webrtc\api\transport</Filter>
    </ClInclude>
    <ClInclude Include="libwebrtc\api\transport\network_control.h">
      <Filter>webrtc\api\transport</Filter>
    </ClInclude>
    <ClInclude Include="libwebrtc\api\transport\network_types.h">
      <Filter>webrtc\api\transport</Filter>
    </ClInclude>
    <ClInclude Include="libwebrtc\api\transport\webrtc_key_value_config.h">
      <Filter>webrtc\api\transport</Filter>
    </ClInclude>
    <ClInclude Include="libwebrtc\call\rtp_transport_controller_send.h">
      <Filter>webrtc\call</Filter>
    </ClInclude>
    <ClInclude Include="libwebrtc\call\rtp_transport_controller_send_interface.h">
      <Filter>webrtc\call</Filter>
    </ClInclude>
    <ClInclude Include="libwebrtc\modules\bitrate_controller\loss_based_bandwidth_estimation.h">
      <Filter>webrtc\modules\bitrate_controller</Filter>
    </ClInclude>
    <ClInclude Include="libwebrtc\modules\bitrate_controller\send_side_bandwidth_estimation.h">
      <Filter>webrtc\modules\bitrate_controller</Filter>
    </ClInclude>
    <ClInclude Include="libwebrtc\modules\congestion_controller\goog_cc\acknowledged_bitrate_estimator.h">
      <Filter>webrtc\modules\congestion_controller\goog_cc</Filter>
    </ClInclude>
    <ClInclude Include="libwebrtc\modules\congestion_controller\goog_cc\alr_detector.h">
      <Filter>webrtc\modules\congestion_controller\goog_cc</Filter>
    </ClInclude>
    <ClInclude Include="libwebrtc\modules\congestion_controller\goog_cc\bitrate_estimator.h">
      <Filter>webrtc\modules\congestion_controller\goog_cc</Filter>
    </ClInclude>
    <ClInclude Include="libwebrtc\modules\congestion_controller\goog_cc\congestion_window_pushback_controller.h">
      <Filter>webrtc\modules\congestion_controller\goog_cc</Filter>
    </ClInclude>
    <ClInclude Include="libwebrtc\modules\congestion_controller\goog_cc\delay_based_bwe.h">
      <Filter>webrtc\modules\congestion_controller\goog_cc</Filter>
    </ClInclude>
    <ClInclude Include="libwebrtc\modules\congestion_controller\goog_cc\delay_increase_detector_interface.h">
      <Filter>webrtc\modules\congestion_controller\goog_cc</Filter>
    </ClInclude>
    <ClInclude Include="libwebrtc\modules\congestion_controller\goog_cc\goog_cc_network_control.h">
      <Filter>webrtc\modules\congestion_controller\goog_cc</Filter>
    </ClInclude>
    <ClInclude Include="libwebrtc\modules\congestion_controller\goog_cc\link_capacity_estimator.h">
      <Filter>webrtc\modules\congestion_controller\goog_cc</Filter>
    </ClInclude>
    <ClInclude Include="libwebrtc\modules\congestion_controller\goog_cc\median_slope_estimator.h">
      <Filter>webrtc\modules\congestion_controller\goog_cc</Filter>
    </ClInclude>
    <ClInclude Include="libwebrtc\modules\congestion_controller\goog_cc\probe_bitrate_estimator.h">
      <Filter>webrtc\modules\congestion_controller\goog_cc</Filter>
    </ClInclude>
    <ClInclude Include="libwebrtc\modules\congestion_controller\goog_cc\probe_controller.h">
      <Filter>webrtc\modules\congestion_controller\goog_cc</Filter>
    </ClInclude>
    <ClInclude Include="libwebrtc\modules\congestion_controller\goog_cc\trendline_estimator.h">
      <Filter>webrtc\modules\congestion_controller\goog_cc</Filter>
    </ClInclude>
    <ClInclude Include="libwebrtc\modules\congestion_controller\rtp\control_handler.h">
      <Filter>webrtc\modules\congestion_controller\rtp</Filter>
    </ClInclude>
    <ClInclude Include="libwebrtc\modules\congestion_controller\rtp\send_time_history.h">
      <Filter>webrtc\modules\congestion_controller\rtp</Filter>
    </ClInclude>
    <ClInclude Include="libwebrtc\modules\congestion_controller\rtp\transport_feedback_adapter.h">
      <Filter>webrtc\modules\congestion_controller\rtp</Filter>
    </ClInclude>
    <ClInclude Include="libwebrtc\modules\include\module_common_types_public.h">
      <Filter>webrtc\modules\include</Filter>
    </ClInclude>
    <ClInclude Include="libwebrtc\modules\pacing\bitrate_prober.h">
      <Filter>webrtc\modules\pacing</Filter>
    </ClInclude>
    <ClInclude Include="libwebrtc\modules\pacing\interval_budget.h">
      <Filter>webrtc\modules\pacing</Filter>
    </ClInclude>
    <ClInclude Include="libwebrtc\modules\pacing\paced_sender.h">
      <Filter>webrtc\modules\pacing</Filter>
    </ClInclude>
    <ClInclude Include="libwebrtc\modules\pacing\packet_router.h">
      <Filter>webrtc\modules\pacing</Filter>
    </ClInclude>
    <ClInclude Include="libwebrtc\modules\remote_bitrate_estimator\aimd_rate_control.h">
      <Filter>webrtc\modules\remote_bitrate_estimator</Filter>
    </ClInclude>
    <ClInclude Include="libwebrtc\modules\remote_bitrate_estimator\inter_arrival.h">
      <Filter>webrtc\modules\remote_bitrate_estimator</Filter>
    </ClInclude>
    <ClInclude Include="libwebrtc\modules\remote_bitrate_estimator\overuse_detector.h">
      <Filter>webrtc\modules\remote_bitrate_estimator</Filter>
    </ClInclude>
    <ClInclude Include="libwebrtc\modules\remote_bitrate_estimator\overuse_estimator.h">
      <Filter>webrtc\modules\remote_bitrate_estimator</Filter>
    </ClInclude>
    <ClInclude Include="libwebrtc\modules\remote_bitrate_estimator\remote_bitrate_estimator_abs_send_time.h">
      <Filter>webrtc\modules\remote_bitrate_estimator</Filter>
    </ClInclude>
    <ClInclude Include="libwebrtc\modules\remote_bitrate_estimator\include\bwe_defines.h">
      <Filter>webrtc\modules\remote_bitrate_estimator\include</Filter>
    </ClInclude>
    <ClInclude Include="libwebrtc\modules\remote_bitrate_estimator\include\remote_bitrate_estimator.h">
      <Filter>webrtc\modules\remote_bitrate_estimator\include</Filter>
    </ClInclude>
    <ClInclude Include="libwebrtc\modules\rtp_rtcp\include\rtp_rtcp_defines.h">
      <Filter>webrtc\modules\rtp_rtcp\include</Filter>
    </ClInclude>
    <ClInclude Include="libwebrtc\modules\rtp_rtcp\source\rtp_packet\transport_feedback.h">
      <Filter>webrtc\modules\rtp_rtcp\source\rtp_packet</Filter>
    </ClInclude>
    <ClInclude Include="libwebrtc\system_wrappers\source\field_trial.h">
      <Filter>webrtc\system_wrappers\source</Filter>
    </ClInclude>
    <ClInclude Include="libwebrtc\rtc_base\constructor_magic.h">
      <Filter>webrtc\rtc_base</Filter>
    </ClInclude>
    <ClInclude Include="libwebrtc\rtc_base\rate_statistics.h">
      <Filter>webrtc\rtc_base</Filter>
    </ClInclude>
    <ClInclude Include="libwebrtc\rtc_base\type_traits.h">
      <Filter>webrtc\rtc_base</Filter>
    </ClInclude>
    <ClInclude Include="libwebrtc\rtc_base\experiments\alr_experiment.h">
      <Filter>webrtc\rtc_base\experiments</Filter>
    </ClInclude>
    <ClInclude Include="libwebrtc\rtc_base\experiments\field_trial_parser.h">
      <Filter>webrtc\rtc_base\experiments</Filter>
    </ClInclude>
    <ClInclude Include="libwebrtc\rtc_base\experiments\field_trial_units.h">
      <Filter>webrtc\rtc_base\experiments</Filter>
    </ClInclude>
    <ClInclude Include="libwebrtc\rtc_base\experiments\rate_control_settings.h">
      <Filter>webrtc\rtc_base\experiments</Filter>
    </ClInclude>
    <ClInclude Include="libwebrtc\rtc_base\network\sent_packet.h">
      <Filter>webrtc\rtc_base\network</Filter>
    </ClInclude>
    <ClInclude Include="libwebrtc\rtc_base\numerics\percentile_filter.h">
      <Filter>webrtc\rtc_base\numerics</Filter>
    </ClInclude>
    <ClInclude Include="libwebrtc\rtc_base\numerics\safe_compare.h">
      <Filter>webrtc\rtc_base\numerics</Filter>
    </ClInclude>
    <ClInclude Include="libwebrtc\rtc_base\numerics\safe_conversions.h">
      <Filter>webrtc\rtc_base\numerics</Filter>
    </ClInclude>
    <ClInclude Include="libwebrtc\rtc_base\numerics\safe_conversions_impl.h">
      <Filter>webrtc\rtc_base\numerics</Filter>
    </ClInclude>
    <ClInclude Include="libwebrtc\rtc_base\numerics\safe_minmax.h">
      <Filter>webrtc\rtc_base\numerics</Filter>
    </ClInclude>
    <ClInclude Include="libwebrtc\rtc_base\system\unused.h">
      <Filter>webrtc\rtc_base\system</Filter>
    </ClInclude>
    <ClInclude Include="libwebrtc\rtc_base\units\unit_base.h">
      <Filter>webrtc\rtc_base\units</Filter>
    </ClInclude>
    <ClInclude Include="cuv_util.h">
      <Filter>uv_util</Filter>
    </ClInclude>
    <ClInclude Include="ccrypto_random.h">
      <Filter>util</Filter>
    </ClInclude>
    <ClInclude Include="cuv_ip.h">
      <Filter>uv_util</Filter>
    </ClInclude>
    <ClInclude Include="cmsg_dispatch.h">
      <Filter>dispatch</Filter>
    </ClInclude>
    <ClInclude Include="cmsg_base_id.h">
      <Filter>msg</Filter>
    </ClInclude>
    <ClInclude Include="crtc_sdp.h">
      <Filter>rtc_sdp</Filter>
    </ClInclude>
    <ClInclude Include="crtc_sdp_util.h">
      <Filter>rtc_sdp</Filter>
    </ClInclude>
    <ClInclude Include="crtc_sdp_define.h">
      <Filter>rtc_sdp</Filter>
    </ClInclude>
    <ClInclude Include="ccfg.h">
      <Filter>config</Filter>
    </ClInclude>
    <ClInclude Include="cclient_msg_dispatch.h">
      <Filter>dispatch</Filter>
    </ClInclude>
    <ClInclude Include="cshare_proto_error.h">
      <Filter>msg</Filter>
    </ClInclude>
    <ClInclude Include="crtc_util.h">
      <Filter>rtc_util</Filter>
    </ClInclude>
    <ClInclude Include="cguard_reply.h">
      <Filter>util</Filter>
    </ClInclude>
    <ClInclude Include="h264_profile_level_id.h">
      <Filter>codec</Filter>
    </ClInclude>
    <ClInclude Include="common_types.h">
      <Filter>codec</Filter>
    </ClInclude>
    <ClInclude Include="crandom.h">
      <Filter>util</Filter>
    </ClInclude>
    <ClInclude Include="cmedia_desc.h">
      <Filter>rtc_sdp</Filter>
    </ClInclude>
    <ClInclude Include="cmedia_error.h">
      <Filter>rtc_sdp</Filter>
    </ClInclude>
    <ClInclude Include="crtc_sdp_test.h">
      <Filter>rtc_sdp</Filter>
    </ClInclude>
    <ClInclude Include="csocket_util.h">
      <Filter>net</Filter>
    </ClInclude>
    <ClInclude Include="cip_address.h">
      <Filter>net</Filter>
    </ClInclude>
    <ClInclude Include="cbyte_order.h">
      <Filter>net</Filter>
    </ClInclude>
    <ClInclude Include="cwin32.h">
      <Filter>net</Filter>
    </ClInclude>
    <ClInclude Include="carraysize.h">
      <Filter>net</Filter>
    </ClInclude>
    <ClInclude Include="cnetwork.h">
      <Filter>net</Filter>
    </ClInclude>
    <ClInclude Include="cnetwork_constants.h">
      <Filter>net</Filter>
    </ClInclude>
    <ClInclude Include="cnet_adapter_test.h">
      <Filter>net</Filter>
    </ClInclude>
    <ClInclude Include="capi_rtc_player.h">
      <Filter>api_rtc</Filter>
    </ClInclude>
    <ClInclude Include="capi_rtc_publish.h">
      <Filter>api_rtc</Filter>
    </ClInclude>
    <ClInclude Include="crtc_track_description.h">
      <Filter>media</Filter>
    </ClInclude>
    <ClInclude Include="ccodec_payload.h">
      <Filter>media</Filter>
    </ClInclude>
    <ClInclude Include="cvideo_payload.h">
      <Filter>media</Filter>
    </ClInclude>
    <ClInclude Include="caudio_payload.h">
      <Filter>media</Filter>
    </ClInclude>
    <ClInclude Include="cred_payload.h">
      <Filter>media</Filter>
    </ClInclude>
    <ClInclude Include="crtx_paylod_des.h">
      <Filter>media</Filter>
    </ClInclude>
    <ClInclude Include="crtc_source_description.h">
      <Filter>media</Filter>
    </ClInclude>
    <ClInclude Include="crtc_ssrc_generator.h">
      <Filter>media</Filter>
    </ClInclude>
    <ClInclude Include="crtc_constants.h">
      <Filter>rtc_constants</Filter>
    </ClInclude>
    <ClInclude Include="cifaddrs_converter.h">
      <Filter>net</Filter>
    </ClInclude>
    <ClInclude Include="cifaddrs_android.h">
      <Filter>net</Filter>
    </ClInclude>
    <ClInclude Include="cstr2digit.h">
      <Filter>util</Filter>
    </ClInclude>
    <ClInclude Include="cbuffer.h">
      <Filter>buffer</Filter>
    </ClInclude>
    <ClInclude Include="ccrc32.h">
      <Filter>crc</Filter>
    </ClInclude>
    <ClInclude Include="csdp_util.h">
      <Filter>rtc_sdp</Filter>
    </ClInclude>
    <ClInclude Include="cglobal_config.h">
      <Filter>global_config</Filter>
    </ClInclude>
    <ClInclude Include="cencoder.h">
      <Filter>codec</Filter>
    </ClInclude>
    <ClInclude Include="cglobal_rtc_config.h">
      <Filter>rtc_config</Filter>
    </ClInclude>
    <ClInclude Include="cglobal_rtc_port.h">
      <Filter>global_config</Filter>
    </ClInclude>
    <ClInclude Include="cbuffer_reader.h">
      <Filter>buffer</Filter>
    </ClInclude>
    <ClInclude Include="cmd5.h">
      <Filter>util</Filter>
    </ClInclude>
    <ClInclude Include="cmedia_type.h">
      <Filter>media</Filter>
    </ClInclude>
    <ClInclude Include="cmedia_source.h">
      <Filter>media</Filter>
    </ClInclude>
    <ClInclude Include="cring_buffer.h">
      <Filter>buffer</Filter>
    </ClInclude>
    <ClInclude Include="capi_rtc_type.h">
      <Filter>api_rtc</Filter>
    </ClInclude>
    <ClInclude Include="cvcm_packet.h">
      <Filter>video_coding</Filter>
    </ClInclude>
    <ClInclude Include="crtp_video_header.h">
      <Filter>rtp_video_header</Filter>
    </ClInclude>
    <ClInclude Include="cpacket_buffer.h">
      <Filter>video_coding</Filter>
    </ClInclude>
    <ClInclude Include="cmod_ops.h">
      <Filter>util</Filter>
    </ClInclude>
    <ClInclude Include="cvcm_encoded_frame.h">
      <Filter>video_coding</Filter>
    </ClInclude>
    <ClInclude Include="cvideo_rtp_depacketizer_av1.h">
      <Filter>rtp_rtcp</Filter>
    </ClInclude>
    <ClInclude Include="cbyte_buffer.h">
      <Filter>buffer</Filter>
    </ClInclude>
    <ClInclude Include="cdav1d_decoder.h">
      <Filter>video_coding\av1</Filter>
    </ClInclude>
    <ClInclude Include="cvideo_renderer.h">
      <Filter>video_render</Filter>
    </ClInclude>
    <ClInclude Include="cnet_session.h">
      <Filter>rtc_net</Filter>
    </ClInclude>
    <ClInclude Include="crtc_udp_socket.h">
      <Filter>rtc_net</Filter>
    </ClInclude>
    <ClInclude Include="crtc_udp_socket_handler.h">
      <Filter>rtc_net</Filter>
    </ClInclude>
    <ClInclude Include="usrsctp\usrsctplib\user_atomic.h">
      <Filter>usrsctp\usrsctplib</Filter>
    </ClInclude>
    <ClInclude Include="usrsctp\usrsctplib\user_environment.h">
      <Filter>usrsctp\usrsctplib</Filter>
    </ClInclude>
    <ClInclude Include="usrsctp\usrsctplib\user_inpcb.h">
      <Filter>usrsctp\usrsctplib</Filter>
    </ClInclude>
    <ClInclude Include="usrsctp\usrsctplib\user_ip_icmp.h">
      <Filter>usrsctp\usrsctplib</Filter>
    </ClInclude>
    <ClInclude Include="usrsctp\usrsctplib\user_ip6_var.h">
      <Filter>usrsctp\usrsctplib</Filter>
    </ClInclude>
    <ClInclude Include="usrsctp\usrsctplib\user_malloc.h">
      <Filter>usrsctp\usrsctplib</Filter>
    </ClInclude>
    <ClInclude Include="usrsctp\usrsctplib\user_mbuf.h">
      <Filter>usrsctp\usrsctplib</Filter>
    </ClInclude>
    <ClInclude Include="usrsctp\usrsctplib\user_queue.h">
      <Filter>usrsctp\usrsctplib</Filter>
    </ClInclude>
    <ClInclude Include="usrsctp\usrsctplib\user_recv_thread.h">
      <Filter>usrsctp\usrsctplib</Filter>
    </ClInclude>
    <ClInclude Include="usrsctp\usrsctplib\user_route.h">
      <Filter>usrsctp\usrsctplib</Filter>
    </ClInclude>
    <ClInclude Include="usrsctp\usrsctplib\user_socketvar.h">
      <Filter>usrsctp\usrsctplib</Filter>
    </ClInclude>
    <ClInclude Include="usrsctp\usrsctplib\user_uma.h">
      <Filter>usrsctp\usrsctplib</Filter>
    </ClInclude>
    <ClInclude Include="usrsctp\usrsctplib\usrsctp.h">
      <Filter>usrsctp\usrsctplib</Filter>
    </ClInclude>
    <ClInclude Include="usrsctp\usrsctplib\netinet6\sctp6_var.h">
      <Filter>usrsctp\usrsctplib\netinet6</Filter>
    </ClInclude>
    <ClInclude Include="usrsctp\usrsctplib\netinet\sctp.h">
      <Filter>usrsctp\usrsctplib\netinet</Filter>
    </ClInclude>
    <ClInclude Include="usrsctp\usrsctplib\netinet\sctp_asconf.h">
      <Filter>usrsctp\usrsctplib\netinet</Filter>
    </ClInclude>
    <ClInclude Include="usrsctp\usrsctplib\netinet\sctp_auth.h">
      <Filter>usrsctp\usrsctplib\netinet</Filter>
    </ClInclude>
    <ClInclude Include="usrsctp\usrsctplib\netinet\sctp_bsd_addr.h">
      <Filter>usrsctp\usrsctplib\netinet</Filter>
    </ClInclude>
    <ClInclude Include="usrsctp\usrsctplib\netinet\sctp_callout.h">
      <Filter>usrsctp\usrsctplib\netinet</Filter>
    </ClInclude>
    <ClInclude Include="usrsctp\usrsctplib\netinet\sctp_constants.h">
      <Filter>usrsctp\usrsctplib\netinet</Filter>
    </ClInclude>
    <ClInclude Include="usrsctp\usrsctplib\netinet\sctp_crc32.h">
      <Filter>usrsctp\usrsctplib\netinet</Filter>
    </ClInclude>
    <ClInclude Include="usrsctp\usrsctplib\netinet\sctp_header.h">
      <Filter>usrsctp\usrsctplib\netinet</Filter>
    </ClInclude>
    <ClInclude Include="usrsctp\usrsctplib\netinet\sctp_indata.h">
      <Filter>usrsctp\usrsctplib\netinet</Filter>
    </ClInclude>
    <ClInclude Include="usrsctp\usrsctplib\netinet\sctp_input.h">
      <Filter>usrsctp\usrsctplib\netinet</Filter>
    </ClInclude>
    <ClInclude Include="usrsctp\usrsctplib\netinet\sctp_lock_userspace.h">
      <Filter>usrsctp\usrsctplib\netinet</Filter>
    </ClInclude>
    <ClInclude Include="usrsctp\usrsctplib\netinet\sctp_os.h">
      <Filter>usrsctp\usrsctplib\netinet</Filter>
    </ClInclude>
    <ClInclude Include="usrsctp\usrsctplib\netinet\sctp_os_userspace.h">
      <Filter>usrsctp\usrsctplib\netinet</Filter>
    </ClInclude>
    <ClInclude Include="usrsctp\usrsctplib\netinet\sctp_output.h">
      <Filter>usrsctp\usrsctplib\netinet</Filter>
    </ClInclude>
    <ClInclude Include="usrsctp\usrsctplib\netinet\sctp_pcb.h">
      <Filter>usrsctp\usrsctplib\netinet</Filter>
    </ClInclude>
    <ClInclude Include="usrsctp\usrsctplib\netinet\sctp_peeloff.h">
      <Filter>usrsctp\usrsctplib\netinet</Filter>
    </ClInclude>
    <ClInclude Include="usrsctp\usrsctplib\netinet\sctp_process_lock.h">
      <Filter>usrsctp\usrsctplib\netinet</Filter>
    </ClInclude>
    <ClInclude Include="usrsctp\usrsctplib\netinet\sctp_sha1.h">
      <Filter>usrsctp\usrsctplib\netinet</Filter>
    </ClInclude>
    <ClInclude Include="usrsctp\usrsctplib\netinet\sctp_structs.h">
      <Filter>usrsctp\usrsctplib\netinet</Filter>
    </ClInclude>
    <ClInclude Include="usrsctp\usrsctplib\netinet\sctp_sysctl.h">
      <Filter>usrsctp\usrsctplib\netinet</Filter>
    </ClInclude>
    <ClInclude Include="usrsctp\usrsctplib\netinet\sctp_timer.h">
      <Filter>usrsctp\usrsctplib\netinet</Filter>
    </ClInclude>
    <ClInclude Include="usrsctp\usrsctplib\netinet\sctp_uio.h">
      <Filter>usrsctp\usrsctplib\netinet</Filter>
    </ClInclude>
    <ClInclude Include="usrsctp\usrsctplib\netinet\sctp_var.h">
      <Filter>usrsctp\usrsctplib\netinet</Filter>
    </ClInclude>
    <ClInclude Include="usrsctp\usrsctplib\netinet\sctputil.h">
      <Filter>usrsctp\usrsctplib\netinet</Filter>
    </ClInclude>
    <ClInclude Include="libsrtp\srtp\include\ekt.h">
      <Filter>libsrtp\srtp\include</Filter>
    </ClInclude>
    <ClInclude Include="libsrtp\srtp\include\getopt_s.h">
      <Filter>libsrtp\srtp\include</Filter>
    </ClInclude>
    <ClInclude Include="libsrtp\srtp\include\srtp.h">
      <Filter>libsrtp\srtp\include</Filter>
    </ClInclude>
    <ClInclude Include="libsrtp\srtp\include\srtp_priv.h">
      <Filter>libsrtp\srtp\include</Filter>
    </ClInclude>
    <ClInclude Include="libsrtp\srtp\include\ut_sim.h">
      <Filter>libsrtp\srtp\include</Filter>
    </ClInclude>
    <ClInclude Include="libsrtp\srtp\crypto\include\aes.h">
      <Filter>libsrtp\srtp\crypto\include</Filter>
    </ClInclude>
    <ClInclude Include="libsrtp\srtp\crypto\include\aes_gcm.h">
      <Filter>libsrtp\srtp\crypto\include</Filter>
    </ClInclude>
    <ClInclude Include="libsrtp\srtp\crypto\include\aes_icm.h">
      <Filter>libsrtp\srtp\crypto\include</Filter>
    </ClInclude>
    <ClInclude Include="libsrtp\srtp\crypto\include\aes_icm_ext.h">
      <Filter>libsrtp\srtp\crypto\include</Filter>
    </ClInclude>
    <ClInclude Include="libsrtp\srtp\crypto\include\alloc.h">
      <Filter>libsrtp\srtp\crypto\include</Filter>
    </ClInclude>
    <ClInclude Include="libsrtp\srtp\crypto\include\auth.h">
      <Filter>libsrtp\srtp\crypto\include</Filter>
    </ClInclude>
    <ClInclude Include="libsrtp\srtp\crypto\include\cipher.h">
      <Filter>libsrtp\srtp\crypto\include</Filter>
    </ClInclude>
    <ClInclude Include="libsrtp\srtp\crypto\include\cipher_priv.h">
      <Filter>libsrtp\srtp\crypto\include</Filter>
    </ClInclude>
    <ClInclude Include="libsrtp\srtp\crypto\include\cipher_types.h">
      <Filter>libsrtp\srtp\crypto\include</Filter>
    </ClInclude>
    <ClInclude Include="libsrtp\srtp\crypto\include\crypto_kernel.h">
      <Filter>libsrtp\srtp\crypto\include</Filter>
    </ClInclude>
    <ClInclude Include="libsrtp\srtp\crypto\include\crypto_types.h">
      <Filter>libsrtp\srtp\crypto\include</Filter>
    </ClInclude>
    <ClInclude Include="libsrtp\srtp\crypto\include\datatypes.h">
      <Filter>libsrtp\srtp\crypto\include</Filter>
    </ClInclude>
    <ClInclude Include="libsrtp\srtp\crypto\include\err.h">
      <Filter>libsrtp\srtp\crypto\include</Filter>
    </ClInclude>
    <ClInclude Include="libsrtp\srtp\crypto\include\hmac.h">
      <Filter>libsrtp\srtp\crypto\include</Filter>
    </ClInclude>
    <ClInclude Include="libsrtp\srtp\crypto\include\integers.h">
      <Filter>libsrtp\srtp\crypto\include</Filter>
    </ClInclude>
    <ClInclude Include="libsrtp\srtp\crypto\include\key.h">
      <Filter>libsrtp\srtp\crypto\include</Filter>
    </ClInclude>
    <ClInclude Include="libsrtp\srtp\crypto\include\null_auth.h">
      <Filter>libsrtp\srtp\crypto\include</Filter>
    </ClInclude>
    <ClInclude Include="libsrtp\srtp\crypto\include\null_cipher.h">
      <Filter>libsrtp\srtp\crypto\include</Filter>
    </ClInclude>
    <ClInclude Include="libsrtp\srtp\crypto\include\rdb.h">
      <Filter>libsrtp\srtp\crypto\include</Filter>
    </ClInclude>
    <ClInclude Include="libsrtp\srtp\crypto\include\rdbx.h">
      <Filter>libsrtp\srtp\crypto\include</Filter>
    </ClInclude>
    <ClInclude Include="libsrtp\srtp\crypto\include\sha1.h">
      <Filter>libsrtp\srtp\crypto\include</Filter>
    </ClInclude>
    <ClInclude Include="libsrtp\srtp\crypto\include\stat.h">
      <Filter>libsrtp\srtp\crypto\include</Filter>
    </ClInclude>
    <ClInclude Include="Channel\ChannelNotifier.hpp">
      <Filter>Channel</Filter>
    </ClInclude>
    <ClInclude Include="Channel\ChannelRequest.hpp">
      <Filter>Channel</Filter>
    </ClInclude>
    <ClInclude Include="Channel\ChannelSocket.hpp">
      <Filter>Channel</Filter>
    </ClInclude>
    <ClInclude Include="handles\SignalsHandler.hpp">
      <Filter>handles</Filter>
    </ClInclude>
    <ClInclude Include="handles\TcpConnectionHandler.hpp">
      <Filter>handles</Filter>
    </ClInclude>
    <ClInclude Include="handles\TcpServerHandler.hpp">
      <Filter>handles</Filter>
    </ClInclude>
    <ClInclude Include="handles\Timer.hpp">
      <Filter>handles</Filter>
    </ClInclude>
    <ClInclude Include="handles\UdpSocketHandler.hpp">
      <Filter>handles</Filter>
    </ClInclude>
    <ClInclude Include="handles\UnixStreamSocket.hpp">
      <Filter>handles</Filter>
    </ClInclude>
    <ClInclude Include="PayloadChannel\Notification.hpp">
      <Filter>PayloadChannel</Filter>
    </ClInclude>
    <ClInclude Include="PayloadChannel\PayloadChannelNotifier.hpp">
      <Filter>PayloadChannel</Filter>
    </ClInclude>
    <ClInclude Include="PayloadChannel\PayloadChannelRequest.hpp">
      <Filter>PayloadChannel</Filter>
    </ClInclude>
    <ClInclude Include="PayloadChannel\PayloadChannelSocket.hpp">
      <Filter>PayloadChannel</Filter>
    </ClInclude>
    <ClInclude Include="RTC\ActiveSpeakerObserver.hpp">
      <Filter>RTC</Filter>
    </ClInclude>
    <ClInclude Include="RTC\AudioLevelObserver.hpp">
      <Filter>RTC</Filter>
    </ClInclude>
    <ClInclude Include="RTC\BweType.hpp">
      <Filter>RTC</Filter>
    </ClInclude>
    <ClInclude Include="RTC\Consumer.hpp">
      <Filter>RTC</Filter>
    </ClInclude>
    <ClInclude Include="RTC\DataConsumer.hpp">
      <Filter>RTC</Filter>
    </ClInclude>
    <ClInclude Include="RTC\DataProducer.hpp">
      <Filter>RTC</Filter>
    </ClInclude>
    <ClInclude Include="RTC\DirectTransport.hpp">
      <Filter>RTC</Filter>
    </ClInclude>
    <ClInclude Include="RTC\DtlsTransport.hpp">
      <Filter>RTC</Filter>
    </ClInclude>
    <ClInclude Include="RTC\IceCandidate.hpp">
      <Filter>RTC</Filter>
    </ClInclude>
    <ClInclude Include="RTC\IceServer.hpp">
      <Filter>RTC</Filter>
    </ClInclude>
    <ClInclude Include="RTC\KeyFrameRequestManager.hpp">
      <Filter>RTC</Filter>
    </ClInclude>
    <ClInclude Include="RTC\NackGenerator.hpp">
      <Filter>RTC</Filter>
    </ClInclude>
    <ClInclude Include="RTC\Parameters.hpp">
      <Filter>RTC</Filter>
    </ClInclude>
    <ClInclude Include="RTC\PipeConsumer.hpp">
      <Filter>RTC</Filter>
    </ClInclude>
    <ClInclude Include="RTC\PipeTransport.hpp">
      <Filter>RTC</Filter>
    </ClInclude>
    <ClInclude Include="RTC\PlainTransport.hpp">
      <Filter>RTC</Filter>
    </ClInclude>
    <ClInclude Include="RTC\PortManager.hpp">
      <Filter>RTC</Filter>
    </ClInclude>
    <ClInclude Include="RTC\Producer.hpp">
      <Filter>RTC</Filter>
    </ClInclude>
    <ClInclude Include="RTC\RateCalculator.hpp">
      <Filter>RTC</Filter>
    </ClInclude>
    <ClInclude Include="RTC\Router.hpp">
      <Filter>RTC</Filter>
    </ClInclude>
    <ClInclude Include="RTC\RtpDictionaries.hpp">
      <Filter>RTC</Filter>
    </ClInclude>
    <ClInclude Include="RTC\RtpHeaderExtensionIds.hpp">
      <Filter>RTC</Filter>
    </ClInclude>
    <ClInclude Include="RTC\RtpListener.hpp">
      <Filter>RTC</Filter>
    </ClInclude>
    <ClInclude Include="RTC\RtpObserver.hpp">
      <Filter>RTC</Filter>
    </ClInclude>
    <ClInclude Include="RTC\RtpPacket.hpp">
      <Filter>RTC</Filter>
    </ClInclude>
    <ClInclude Include="RTC\RtpProbationGenerator.hpp">
      <Filter>RTC</Filter>
    </ClInclude>
    <ClInclude Include="RTC\RtpStream.hpp">
      <Filter>RTC</Filter>
    </ClInclude>
    <ClInclude Include="RTC\RtpStreamRecv.hpp">
      <Filter>RTC</Filter>
    </ClInclude>
    <ClInclude Include="RTC\RtpStreamSend.hpp">
      <Filter>RTC</Filter>
    </ClInclude>
    <ClInclude Include="RTC\RtxStream.hpp">
      <Filter>RTC</Filter>
    </ClInclude>
    <ClInclude Include="RTC\SctpAssociation.hpp">
      <Filter>RTC</Filter>
    </ClInclude>
    <ClInclude Include="RTC\SctpDictionaries.hpp">
      <Filter>RTC</Filter>
    </ClInclude>
    <ClInclude Include="RTC\SctpListener.hpp">
      <Filter>RTC</Filter>
    </ClInclude>
    <ClInclude Include="RTC\SenderBandwidthEstimator.hpp">
      <Filter>RTC</Filter>
    </ClInclude>
    <ClInclude Include="RTC\SeqManager.hpp">
      <Filter>RTC</Filter>
    </ClInclude>
    <ClInclude Include="RTC\SimpleConsumer.hpp">
      <Filter>RTC</Filter>
    </ClInclude>
    <ClInclude Include="RTC\SimulcastConsumer.hpp">
      <Filter>RTC</Filter>
    </ClInclude>
    <ClInclude Include="RTC\SrtpSession.hpp">
      <Filter>RTC</Filter>
    </ClInclude>
    <ClInclude Include="RTC\StunPacket.hpp">
      <Filter>RTC</Filter>
    </ClInclude>
    <ClInclude Include="RTC\SvcConsumer.hpp">
      <Filter>RTC</Filter>
    </ClInclude>
    <ClInclude Include="RTC\TcpConnection.hpp">
      <Filter>RTC</Filter>
    </ClInclude>
    <ClInclude Include="RTC\TcpServer.hpp">
      <Filter>RTC</Filter>
    </ClInclude>
    <ClInclude Include="RTC\Transport.hpp">
      <Filter>RTC</Filter>
    </ClInclude>
    <ClInclude Include="RTC\TransportCongestionControlClient.hpp">
      <Filter>RTC</Filter>
    </ClInclude>
    <ClInclude Include="RTC\TransportCongestionControlServer.hpp">
      <Filter>RTC</Filter>
    </ClInclude>
    <ClInclude Include="RTC\TransportTuple.hpp">
      <Filter>RTC</Filter>
    </ClInclude>
    <ClInclude Include="RTC\TrendCalculator.hpp">
      <Filter>RTC</Filter>
    </ClInclude>
    <ClInclude Include="RTC\UdpSocket.hpp">
      <Filter>RTC</Filter>
    </ClInclude>
    <ClInclude Include="RTC\WebRtcTransport.hpp">
      <Filter>RTC</Filter>
    </ClInclude>
    <ClInclude Include="RTC\Codecs\H264.hpp">
      <Filter>RTC\Codecs</Filter>
    </ClInclude>
    <ClInclude Include="RTC\Codecs\PayloadDescriptorHandler.hpp">
      <Filter>RTC\Codecs</Filter>
    </ClInclude>
    <ClInclude Include="RTC\Codecs\Tools.hpp">
      <Filter>RTC\Codecs</Filter>
    </ClInclude>
    <ClInclude Include="RTC\Codecs\VP8.hpp">
      <Filter>RTC\Codecs</Filter>
    </ClInclude>
    <ClInclude Include="RTC\Codecs\VP9.hpp">
      <Filter>RTC\Codecs</Filter>
    </ClInclude>
    <ClInclude Include="RTC\RTCP\Bye.hpp">
      <Filter>RTC\RTCP</Filter>
    </ClInclude>
    <ClInclude Include="RTC\RTCP\CompoundPacket.hpp">
      <Filter>RTC\RTCP</Filter>
    </ClInclude>
    <ClInclude Include="RTC\RTCP\Feedback.hpp">
      <Filter>RTC\RTCP</Filter>
    </ClInclude>
    <ClInclude Include="RTC\RTCP\FeedbackItem.hpp">
      <Filter>RTC\RTCP</Filter>
    </ClInclude>
    <ClInclude Include="RTC\RTCP\FeedbackPs.hpp">
      <Filter>RTC\RTCP</Filter>
    </ClInclude>
    <ClInclude Include="RTC\RTCP\FeedbackPsAfb.hpp">
      <Filter>RTC\RTCP</Filter>
    </ClInclude>
    <ClInclude Include="RTC\RTCP\FeedbackPsFir.hpp">
      <Filter>RTC\RTCP</Filter>
    </ClInclude>
    <ClInclude Include="RTC\RTCP\FeedbackPsLei.hpp">
      <Filter>RTC\RTCP</Filter>
    </ClInclude>
    <ClInclude Include="RTC\RTCP\FeedbackPsPli.hpp">
      <Filter>RTC\RTCP</Filter>
    </ClInclude>
    <ClInclude Include="RTC\RTCP\FeedbackPsRemb.hpp">
      <Filter>RTC\RTCP</Filter>
    </ClInclude>
    <ClInclude Include="RTC\RTCP\FeedbackPsRpsi.hpp">
      <Filter>RTC\RTCP</Filter>
    </ClInclude>
    <ClInclude Include="RTC\RTCP\FeedbackPsSli.hpp">
      <Filter>RTC\RTCP</Filter>
    </ClInclude>
    <ClInclude Include="RTC\RTCP\FeedbackPsTst.hpp">
      <Filter>RTC\RTCP</Filter>
    </ClInclude>
    <ClInclude Include="RTC\RTCP\FeedbackPsVbcm.hpp">
      <Filter>RTC\RTCP</Filter>
    </ClInclude>
    <ClInclude Include="RTC\RTCP\FeedbackRtp.hpp">
      <Filter>RTC\RTCP</Filter>
    </ClInclude>
    <ClInclude Include="RTC\RTCP\FeedbackRtpEcn.hpp">
      <Filter>RTC\RTCP</Filter>
    </ClInclude>
    <ClInclude Include="RTC\RTCP\FeedbackRtpNack.hpp">
      <Filter>RTC\RTCP</Filter>
    </ClInclude>
    <ClInclude Include="RTC\RTCP\FeedbackRtpSrReq.hpp">
      <Filter>RTC\RTCP</Filter>
    </ClInclude>
    <ClInclude Include="RTC\RTCP\FeedbackRtpTllei.hpp">
      <Filter>RTC\RTCP</Filter>
    </ClInclude>
    <ClInclude Include="RTC\RTCP\FeedbackRtpTmmb.hpp">
      <Filter>RTC\RTCP</Filter>
    </ClInclude>
    <ClInclude Include="RTC\RTCP\FeedbackRtpTransport.hpp">
      <Filter>RTC\RTCP</Filter>
    </ClInclude>
    <ClInclude Include="RTC\RTCP\Packet.hpp">
      <Filter>RTC\RTCP</Filter>
    </ClInclude>
    <ClInclude Include="RTC\RTCP\ReceiverReport.hpp">
      <Filter>RTC\RTCP</Filter>
    </ClInclude>
    <ClInclude Include="RTC\RTCP\Sdes.hpp">
      <Filter>RTC\RTCP</Filter>
    </ClInclude>
    <ClInclude Include="RTC\RTCP\SenderReport.hpp">
      <Filter>RTC\RTCP</Filter>
    </ClInclude>
    <ClInclude Include="RTC\RTCP\XR.hpp">
      <Filter>RTC\RTCP</Filter>
    </ClInclude>
    <ClInclude Include="RTC\RTCP\XrDelaySinceLastRr.hpp">
      <Filter>RTC\RTCP</Filter>
    </ClInclude>
    <ClInclude Include="RTC\RTCP\XrReceiverReferenceTime.hpp">
      <Filter>RTC\RTCP</Filter>
    </ClInclude>
    <ClInclude Include="common.hpp" />
    <ClInclude Include="DepLibSRTP.hpp" />
    <ClInclude Include="DepLibUV.hpp" />
    <ClInclude Include="DepLibWebRTC.hpp" />
    <ClInclude Include="DepOpenSSL.hpp" />
    <ClInclude Include="DepUsrSCTP.hpp" />
    <ClInclude Include="lib.hpp" />
    <ClInclude Include="Logger.hpp" />
    <ClInclude Include="LogLevel.hpp" />
    <ClInclude Include="MediaSoupErrors.hpp" />
    <ClInclude Include="Settings.hpp" />
    <ClInclude Include="Utils.hpp" />
    <ClInclude Include="Worker.hpp" />
    <ClInclude Include="nlohmann\json.hpp">
      <Filter>nlohmann</Filter>
    </ClInclude>
    <ClInclude Include="netstring\netstring-c\netstring.h">
      <Filter>netstring\netstring-c</Filter>
    </ClInclude>
    <ClInclude Include="getopt\getopt.h">
      <Filter>getopt</Filter>
    </ClInclude>
  </ItemGroup>
  <ItemGroup>
    <None Include="README.md" />
  </ItemGroup>
</Project>