<?xml version="1.0" encoding="utf-8"?>
<Project ToolsVersion="4.0" xmlns="http://schemas.microsoft.com/developer/msbuild/2003">
  <ItemGroup>
    <Filter Include="client">
      <UniqueIdentifier>{14240d66-51be-4246-84ca-4e1783ac683f}</UniqueIdentifier>
    </Filter>
  </ItemGroup>
  <ItemGroup>
    <None Include="build_version.bat">
      <Filter>client</Filter>
    </None>
  </ItemGroup>
  <ItemGroup>
    <ClInclude Include="build_version.h">
      <Filter>client</Filter>
    </ClInclude>
    <ClInclude Include="casync_log.h">
      <Filter>client</Filter>
    </ClInclude>
    <ClInclude Include="cbase64.h">
      <Filter>client</Filter>
    </ClInclude>
    <ClInclude Include="ccapturer_tracksource.h">
      <Filter>client</Filter>
    </ClInclude>
    <ClInclude Include="ccfg.h">
      <Filter>client</Filter>
    </ClInclude>
    <ClInclude Include="cclient.h">
      <Filter>client</Filter>
    </ClInclude>
    <ClInclude Include="cconfig.h">
      <Filter>client</Filter>
    </ClInclude>
    <ClInclude Include="cdesktop_capture.h">
      <Filter>client</Filter>
    </ClInclude>
    <ClInclude Include="cint2str.h">
      <Filter>client</Filter>
    </ClInclude>
    <ClInclude Include="clog.h">
      <Filter>client</Filter>
    </ClInclude>
    <ClInclude Include="clog_define.h">
      <Filter>client</Filter>
    </ClInclude>
    <ClInclude Include="cnet_types.h">
      <Filter>client</Filter>
    </ClInclude>
    <ClInclude Include="csingleton.h">
      <Filter>client</Filter>
    </ClInclude>
    <ClInclude Include="ctime_api.h">
      <Filter>client</Filter>
    </ClInclude>
    <ClInclude Include="ctime_const.h">
      <Filter>client</Filter>
    </ClInclude>
    <ClInclude Include="cwebsocket_mgr.h">
      <Filter>client</Filter>
    </ClInclude>
    <ClInclude Include="desktop_capture_source.h">
      <Filter>client</Filter>
    </ClInclude>
    <ClInclude Include="json.hpp">
      <Filter>client</Filter>
    </ClInclude>
    <ClInclude Include="wsclient.h">
      <Filter>client</Filter>
    </ClInclude>
    <ClInclude Include="Robot.h" />
    <ClInclude Include="clog_color.h">
      <Filter>client</Filter>
    </ClInclude>
    <ClInclude Include="cnoncopyable.h">
      <Filter>client</Filter>
    </ClInclude>
  </ItemGroup>
  <ItemGroup>
    <ClCompile Include="casync_log.cpp">
      <Filter>client</Filter>
    </ClCompile>
    <ClCompile Include="cbase64.cpp">
      <Filter>client</Filter>
    </ClCompile>
    <ClCompile Include="ccapturer_tracksource.cpp">
      <Filter>client</Filter>
    </ClCompile>
    <ClCompile Include="ccfg.cpp">
      <Filter>client</Filter>
    </ClCompile>
    <ClCompile Include="cclient.cpp">
      <Filter>client</Filter>
    </ClCompile>
    <ClCompile Include="cconfig.cpp">
      <Filter>client</Filter>
    </ClCompile>
    <ClCompile Include="cdesktop_capture.cpp">
      <Filter>client</Filter>
    </ClCompile>
    <ClCompile Include="cint2str.cpp">
      <Filter>client</Filter>
    </ClCompile>
    <ClCompile Include="clog.cpp">
      <Filter>client</Filter>
    </ClCompile>
    <ClCompile Include="cnet_types.cpp">
      <Filter>client</Filter>
    </ClCompile>
    <ClCompile Include="ctime_api.cpp">
      <Filter>client</Filter>
    </ClCompile>
    <ClCompile Include="cwebsocket_mgr.cpp">
      <Filter>client</Filter>
    </ClCompile>
    <ClCompile Include="desktop_capture_source.cc">
      <Filter>client</Filter>
    </ClCompile>
    <ClCompile Include="wsclient.cpp">
      <Filter>client</Filter>
    </ClCompile>
    <ClCompile Include="Robot.cpp" />
    <ClCompile Include="main.cpp" />
    <ClCompile Include="clog_color.cpp">
      <Filter>client</Filter>
    </ClCompile>
  </ItemGroup>
  <ItemGroup>
    <Text Include="CMakeLists.txt">
      <Filter>client</Filter>
    </Text>
  </ItemGroup>
</Project>