
Microsoft Visual Studio Solution File, Format Version 12.00
# Visual Studio 15
VisualStudioVersion = 15.0.33026.149
MinimumVisualStudioVersion = 10.0.40219.1
Project("{8BC9CEB8-8B4A-11D0-8D11-00A0C91BC942}") = "rtc_player", "rtc_player\rtc_player.vcxproj", "{4220E1E7-5B5F-4E37-B214-812E29DA914E}"
EndProject
Global
	GlobalSection(SolutionConfigurationPlatforms) = preSolution
		Debug|x64 = Debug|x64
		Debug|x86 = Debug|x86
		Release|x64 = Release|x64
		Release|x86 = Release|x86
	EndGlobalSection
	GlobalSection(ProjectConfigurationPlatforms) = postSolution
		{4220E1E7-5B5F-4E37-B214-812E29DA914E}.Debug|x64.ActiveCfg = Debug|x64
		{4220E1E7-5B5F-4E37-B214-812E29DA914E}.Debug|x64.Build.0 = Debug|x64
		{4220E1E7-5B5F-4E37-B214-812E29DA914E}.Debug|x86.ActiveCfg = Debug|Win32
		{4220E1E7-5B5F-4E37-B214-812E29DA914E}.Debug|x86.Build.0 = Debug|Win32
		{4220E1E7-5B5F-4E37-B214-812E29DA914E}.Release|x64.ActiveCfg = Release|x64
		{4220E1E7-5B5F-4E37-B214-812E29DA914E}.Release|x64.Build.0 = Release|x64
		{4220E1E7-5B5F-4E37-B214-812E29DA914E}.Release|x86.ActiveCfg = Release|Win32
		{4220E1E7-5B5F-4E37-B214-812E29DA914E}.Release|x86.Build.0 = Release|Win32
	EndGlobalSection
	GlobalSection(SolutionProperties) = preSolution
		HideSolutionNode = FALSE
	EndGlobalSection
	GlobalSection(ExtensibilityGlobals) = postSolution
		SolutionGuid = {43504F85-0BD7-4600-A2C6-DFE118AF21B0}
	EndGlobalSection
EndGlobal
