
Microsoft Visual Studio Solution File, Format Version 12.00
# Visual Studio 15
VisualStudioVersion = 15.0.28307.2017
MinimumVisualStudioVersion = 10.0.40219.1
Project("{8BC9CEB8-8B4A-11D0-8D11-00A0C91BC942}") = "media_rtc_server", "Server\Server.vcxproj", "{FCB7DF69-2F77-49DC-8094-A76ECD0357BB}"
EndProject
Project("{8BC9CEB8-8B4A-11D0-8D11-00A0C91BC942}") = "libuv", "libuv\libuv.vcxproj", "{CC280351-DE53-44E4-A70A-C6D1E4160119}"
EndProject
Global
	GlobalSection(SolutionConfigurationPlatforms) = preSolution
		Debug|x64 = Debug|x64
		Debug|x86 = Debug|x86
		Release|x64 = Release|x64
		Release|x86 = Release|x86
	EndGlobalSection
	GlobalSection(ProjectConfigurationPlatforms) = postSolution
		{FCB7DF69-2F77-49DC-8094-A76ECD0357BB}.Debug|x64.ActiveCfg = Debug|x64
		{FCB7DF69-2F77-49DC-8094-A76ECD0357BB}.Debug|x64.Build.0 = Debug|x64
		{FCB7DF69-2F77-49DC-8094-A76ECD0357BB}.Debug|x86.ActiveCfg = Debug|Win32
		{FCB7DF69-2F77-49DC-8094-A76ECD0357BB}.Debug|x86.Build.0 = Debug|Win32
		{FCB7DF69-2F77-49DC-8094-A76ECD0357BB}.Release|x64.ActiveCfg = Release|x64
		{FCB7DF69-2F77-49DC-8094-A76ECD0357BB}.Release|x64.Build.0 = Release|x64
		{FCB7DF69-2F77-49DC-8094-A76ECD0357BB}.Release|x86.ActiveCfg = Release|Win32
		{FCB7DF69-2F77-49DC-8094-A76ECD0357BB}.Release|x86.Build.0 = Release|Win32
		{CC280351-DE53-44E4-A70A-C6D1E4160119}.Debug|x64.ActiveCfg = Debug|x64
		{CC280351-DE53-44E4-A70A-C6D1E4160119}.Debug|x64.Build.0 = Debug|x64
		{CC280351-DE53-44E4-A70A-C6D1E4160119}.Debug|x86.ActiveCfg = Debug|Win32
		{CC280351-DE53-44E4-A70A-C6D1E4160119}.Debug|x86.Build.0 = Debug|Win32
		{CC280351-DE53-44E4-A70A-C6D1E4160119}.Release|x64.ActiveCfg = Release|x64
		{CC280351-DE53-44E4-A70A-C6D1E4160119}.Release|x64.Build.0 = Release|x64
		{CC280351-DE53-44E4-A70A-C6D1E4160119}.Release|x86.ActiveCfg = Release|Win32
		{CC280351-DE53-44E4-A70A-C6D1E4160119}.Release|x86.Build.0 = Release|Win32
	EndGlobalSection
	GlobalSection(SolutionProperties) = preSolution
		HideSolutionNode = FALSE
	EndGlobalSection
	GlobalSection(ExtensibilityGlobals) = postSolution
		SolutionGuid = {D8AB098D-988B-4310-B4C6-1DE0EAE4BB72}
	EndGlobalSection
EndGlobal
