<?xml version="1.0" encoding="utf-8"?>
<Project ToolsVersion="4.0" xmlns="http://schemas.microsoft.com/developer/msbuild/2003">
  <ItemGroup>
    <Filter Include="log">
      <UniqueIdentifier>{3bbd4ba5-9654-466d-a45d-b91f3d560460}</UniqueIdentifier>
    </Filter>
    <Filter Include="time">
      <UniqueIdentifier>{9773400c-e1a3-4cd6-897d-bad74ad0bea3}</UniqueIdentifier>
    </Filter>
    <Filter Include="util">
      <UniqueIdentifier>{b5193939-4d98-4e45-8d1d-2a83611395b8}</UniqueIdentifier>
    </Filter>
    <Filter Include="config">
      <UniqueIdentifier>{436813fe-6217-4eee-9b74-6dbc4e22b010}</UniqueIdentifier>
    </Filter>
    <Filter Include="net">
      <UniqueIdentifier>{9d691c12-d7b7-4b6b-af08-a2f1bb31f423}</UniqueIdentifier>
    </Filter>
  </ItemGroup>
  <ItemGroup>
    <ClCompile Include="casync_log.cpp">
      <Filter>log</Filter>
    </ClCompile>
    <ClCompile Include="clog.cpp">
      <Filter>log</Filter>
    </ClCompile>
    <ClCompile Include="clog_color.cpp">
      <Filter>log</Filter>
    </ClCompile>
    <ClCompile Include="ctime_api.cpp">
      <Filter>time</Filter>
    </ClCompile>
    <ClCompile Include="cdigit2str.cpp">
      <Filter>util</Filter>
    </ClCompile>
    <ClCompile Include="ccrypto_random.cpp">
      <Filter>util</Filter>
    </ClCompile>
    <ClCompile Include="cconfig.cpp">
      <Filter>config</Filter>
    </ClCompile>
    <ClCompile Include="cnet_type.cpp">
      <Filter>net</Filter>
    </ClCompile>
  </ItemGroup>
  <ItemGroup>
    <ClInclude Include="casync_log.h">
      <Filter>log</Filter>
    </ClInclude>
    <ClInclude Include="clog_color.h">
      <Filter>log</Filter>
    </ClInclude>
    <ClInclude Include="clog_define.h">
      <Filter>log</Filter>
    </ClInclude>
    <ClInclude Include="clog.h">
      <Filter>log</Filter>
    </ClInclude>
    <ClInclude Include="cnoncopyable.h">
      <Filter>log</Filter>
    </ClInclude>
    <ClInclude Include="ctime_elapse.h">
      <Filter>time</Filter>
    </ClInclude>
    <ClInclude Include="ctime_const.h">
      <Filter>time</Filter>
    </ClInclude>
    <ClInclude Include="ctime_api.h">
      <Filter>time</Filter>
    </ClInclude>
    <ClInclude Include="ccrypto_random.h">
      <Filter>util</Filter>
    </ClInclude>
    <ClInclude Include="cdigit2str.h">
      <Filter>util</Filter>
    </ClInclude>
    <ClInclude Include="cconfig.h">
      <Filter>config</Filter>
    </ClInclude>
    <ClInclude Include="cnet_type.h">
      <Filter>net</Filter>
    </ClInclude>
    <ClInclude Include="cnet_define.h">
      <Filter>net</Filter>
    </ClInclude>
  </ItemGroup>
</Project>