<?xml version="1.0" encoding="utf-8"?>
<Project ToolsVersion="4.0" xmlns="http://schemas.microsoft.com/developer/msbuild/2003">
  <ItemGroup>
    <Filter Include="consumer">
      <UniqueIdentifier>{2b08eddf-dcf5-493e-9ee6-a14cd30f69f5}</UniqueIdentifier>
    </Filter>
    <Filter Include="sdp">
      <UniqueIdentifier>{617b3d03-a383-4c5c-95de-85c96af4aeeb}</UniqueIdentifier>
    </Filter>
    <Filter Include="json">
      <UniqueIdentifier>{662b8441-724d-486d-934b-ef5cd94d4107}</UniqueIdentifier>
    </Filter>
    <Filter Include="websocket">
      <UniqueIdentifier>{4d3861de-a9be-4325-89be-36a150a13d1b}</UniqueIdentifier>
    </Filter>
    <Filter Include="time">
      <UniqueIdentifier>{c81dea32-5ace-4a02-848a-c10fa9c5b07f}</UniqueIdentifier>
    </Filter>
    <Filter Include="util">
      <UniqueIdentifier>{18936c04-2219-450b-963a-8d11cae0464e}</UniqueIdentifier>
    </Filter>
    <Filter Include="log">
      <UniqueIdentifier>{9a2d4062-9712-40c1-8efa-f2a8bedb3db9}</UniqueIdentifier>
    </Filter>
    <Filter Include="config">
      <UniqueIdentifier>{8a92707a-664f-480c-86c1-6d8a04888a03}</UniqueIdentifier>
    </Filter>
    <Filter Include="dispatch">
      <UniqueIdentifier>{502bef3d-3536-48f2-84b1-929b0c275df8}</UniqueIdentifier>
    </Filter>
    <Filter Include="rtc">
      <UniqueIdentifier>{4b9346ab-dde8-4c67-9b43-523283affd3e}</UniqueIdentifier>
    </Filter>
    <Filter Include="player">
      <UniqueIdentifier>{cc6a4e36-b4b9-4782-bd7b-252cf7a37f3c}</UniqueIdentifier>
    </Filter>
  </ItemGroup>
  <ItemGroup>
    <ClCompile Include="csdp_util.cpp">
      <Filter>sdp</Filter>
    </ClCompile>
    <ClCompile Include="cremote_sdp.cpp">
      <Filter>sdp</Filter>
    </ClCompile>
    <ClCompile Include="writer.cpp">
      <Filter>json</Filter>
    </ClCompile>
    <ClCompile Include="grammar.cpp">
      <Filter>json</Filter>
    </ClCompile>
    <ClCompile Include="parser.cpp">
      <Filter>json</Filter>
    </ClCompile>
    <ClCompile Include="wsclient.cpp">
      <Filter>websocket</Filter>
    </ClCompile>
    <ClCompile Include="cwebsocket_session.cpp">
      <Filter>websocket</Filter>
    </ClCompile>
    <ClCompile Include="cwebsocket_protoo.cpp">
      <Filter>websocket</Filter>
    </ClCompile>
    <ClCompile Include="cwebscoket_connection.cpp">
      <Filter>websocket</Filter>
    </ClCompile>
    <ClCompile Include="cwebsocket_mgr.cpp">
      <Filter>websocket</Filter>
    </ClCompile>
    <ClCompile Include="ctime_api.cpp">
      <Filter>time</Filter>
    </ClCompile>
    <ClCompile Include="cnet_types.cpp">
      <Filter>util</Filter>
    </ClCompile>
    <ClCompile Include="cint2str.cpp">
      <Filter>util</Filter>
    </ClCompile>
    <ClCompile Include="cdigit2str.cpp">
      <Filter>util</Filter>
    </ClCompile>
    <ClCompile Include="cbase64.cpp">
      <Filter>util</Filter>
    </ClCompile>
    <ClCompile Include="clog.cpp">
      <Filter>log</Filter>
    </ClCompile>
    <ClCompile Include="clog_color.cpp">
      <Filter>log</Filter>
    </ClCompile>
    <ClCompile Include="casync_log.cpp">
      <Filter>log</Filter>
    </ClCompile>
    <ClCompile Include="ccfg.cpp">
      <Filter>config</Filter>
    </ClCompile>
    <ClCompile Include="cconfig.cpp">
      <Filter>config</Filter>
    </ClCompile>
    <ClCompile Include="cmsg_dispatch.cpp">
      <Filter>dispatch</Filter>
    </ClCompile>
    <ClCompile Include="main.cpp" />
    <ClCompile Include="crtc_player.cpp">
      <Filter>player</Filter>
    </ClCompile>
    <ClCompile Include="cplayer.cpp">
      <Filter>player</Filter>
    </ClCompile>
    <ClCompile Include="crtc_transport.cpp">
      <Filter>rtc</Filter>
    </ClCompile>
    <ClCompile Include="cvideo_render.cpp">
      <Filter>rtc</Filter>
    </ClCompile>
    <ClCompile Include="cd3d_renderer.cpp">
      <Filter>rtc</Filter>
    </ClCompile>
  </ItemGroup>
  <ItemGroup>
    <ClInclude Include="cremote_sdp.h">
      <Filter>sdp</Filter>
    </ClInclude>
    <ClInclude Include="csdp_util.h">
      <Filter>sdp</Filter>
    </ClInclude>
    <ClInclude Include="sdptransform.hpp">
      <Filter>json</Filter>
    </ClInclude>
    <ClInclude Include="json.hpp">
      <Filter>json</Filter>
    </ClInclude>
    <ClInclude Include="cwebscoket_connection.h">
      <Filter>websocket</Filter>
    </ClInclude>
    <ClInclude Include="cwebsocket_mgr.h">
      <Filter>websocket</Filter>
    </ClInclude>
    <ClInclude Include="cwebsocket_protoo.h">
      <Filter>websocket</Filter>
    </ClInclude>
    <ClInclude Include="cwebsocket_session.h">
      <Filter>websocket</Filter>
    </ClInclude>
    <ClInclude Include="wsclient.h">
      <Filter>websocket</Filter>
    </ClInclude>
    <ClInclude Include="ctime_api.h">
      <Filter>time</Filter>
    </ClInclude>
    <ClInclude Include="ctime_const.h">
      <Filter>time</Filter>
    </ClInclude>
    <ClInclude Include="csingleton.h">
      <Filter>util</Filter>
    </ClInclude>
    <ClInclude Include="cnoncopyable.h">
      <Filter>util</Filter>
    </ClInclude>
    <ClInclude Include="cnet_types.h">
      <Filter>util</Filter>
    </ClInclude>
    <ClInclude Include="cdigit2str.h">
      <Filter>util</Filter>
    </ClInclude>
    <ClInclude Include="cint2str.h">
      <Filter>util</Filter>
    </ClInclude>
    <ClInclude Include="cbase64.h">
      <Filter>util</Filter>
    </ClInclude>
    <ClInclude Include="clog.h">
      <Filter>log</Filter>
    </ClInclude>
    <ClInclude Include="clog_color.h">
      <Filter>log</Filter>
    </ClInclude>
    <ClInclude Include="clog_define.h">
      <Filter>log</Filter>
    </ClInclude>
    <ClInclude Include="casync_log.h">
      <Filter>log</Filter>
    </ClInclude>
    <ClInclude Include="ccfg.h">
      <Filter>config</Filter>
    </ClInclude>
    <ClInclude Include="cconfig.h">
      <Filter>config</Filter>
    </ClInclude>
    <ClInclude Include="cmsg_dispatch.h">
      <Filter>dispatch</Filter>
    </ClInclude>
    <ClInclude Include="cmsg_base_id.h">
      <Filter>dispatch</Filter>
    </ClInclude>
    <ClInclude Include="crtc_player.h">
      <Filter>player</Filter>
    </ClInclude>
    <ClInclude Include="cplayer.h">
      <Filter>player</Filter>
    </ClInclude>
    <ClInclude Include="crtc_transport.h">
      <Filter>rtc</Filter>
    </ClInclude>
    <ClInclude Include="cvideo_render.h">
      <Filter>rtc</Filter>
    </ClInclude>
    <ClInclude Include="cd3d_renderer.h">
      <Filter>rtc</Filter>
    </ClInclude>
  </ItemGroup>
  <ItemGroup>
    <Text Include="CMakeLists.txt" />
  </ItemGroup>
  <ItemGroup>
    <None Include="client.cfg" />
  </ItemGroup>
</Project>